// !$*UTF8*$!
{
	archiveVersion = 1;
	classes = {
	};
	objectVersion = 51;
	objects = {

/* Begin PBXBuildFile section */
		020A32FC244434F1006FE3E5 /* LoginViewController.swift in Sources */ = {isa = PBXBuildFile; fileRef = 020A32FB244434F1006FE3E5 /* LoginViewController.swift */; };
		020A330424443B07006FE3E5 /* ProfileViewController.swift in Sources */ = {isa = PBXBuildFile; fileRef = 020A330324443B07006FE3E5 /* ProfileViewController.swift */; };
		0216545024941D44007F6A73 /* MentorModel.swift in Sources */ = {isa = PBXBuildFile; fileRef = 0216544F24941D44007F6A73 /* MentorModel.swift */; };
		022001A024A7078300C60462 /* JComponentFeed.swift in Sources */ = {isa = PBXBuildFile; fileRef = 0220019F24A7078300C60462 /* JComponentFeed.swift */; };
		022001A224A707AE00C60462 /* ProjectRequestFeed.swift in Sources */ = {isa = PBXBuildFile; fileRef = 022001A124A707AE00C60462 /* ProjectRequestFeed.swift */; };
		022001A524A7D1F700C60462 /* PersProjPostCell.swift in Sources */ = {isa = PBXBuildFile; fileRef = 022001A324A7D1F700C60462 /* PersProjPostCell.swift */; };
		022001A624A7D1F700C60462 /* PersProjPostCell.xib in Resources */ = {isa = PBXBuildFile; fileRef = 022001A424A7D1F700C60462 /* PersProjPostCell.xib */; };
		022001A824A7E32700C60462 /* PersonalProjectPostApi.swift in Sources */ = {isa = PBXBuildFile; fileRef = 022001A724A7E32700C60462 /* PersonalProjectPostApi.swift */; };
		022001AC24A7EAA100C60462 /* PersonalProjectModel.swift in Sources */ = {isa = PBXBuildFile; fileRef = 022001AB24A7EAA100C60462 /* PersonalProjectModel.swift */; };
		0221E11E2477C12F0022DCCB /* SPAlertPreset.swift in Sources */ = {isa = PBXBuildFile; fileRef = 0221E0FE2477C12D0022DCCB /* SPAlertPreset.swift */; };
		0221E11F2477C12F0022DCCB /* SPAlertHaptic.swift in Sources */ = {isa = PBXBuildFile; fileRef = 0221E0FF2477C12D0022DCCB /* SPAlertHaptic.swift */; };
		0221E1202477C12F0022DCCB /* SPAlertLayout.swift in Sources */ = {isa = PBXBuildFile; fileRef = 0221E1002477C12D0022DCCB /* SPAlertLayout.swift */; };
		0221E1212477C12F0022DCCB /* SPAlertIconAnimatable.swift in Sources */ = {isa = PBXBuildFile; fileRef = 0221E1022477C12D0022DCCB /* SPAlertIconAnimatable.swift */; };
		0221E1222477C12F0022DCCB /* SPAlertView.swift in Sources */ = {isa = PBXBuildFile; fileRef = 0221E1042477C12D0022DCCB /* SPAlertView.swift */; };
		0221E1232477C12F0022DCCB /* SPAlertIconBoltView.swift in Sources */ = {isa = PBXBuildFile; fileRef = 0221E1062477C12D0022DCCB /* SPAlertIconBoltView.swift */; };
		0221E1242477C12F0022DCCB /* SPAlertIconEjectView.swift in Sources */ = {isa = PBXBuildFile; fileRef = 0221E1072477C12D0022DCCB /* SPAlertIconEjectView.swift */; };
		0221E1252477C12F0022DCCB /* SPAlertIconAddView.swift in Sources */ = {isa = PBXBuildFile; fileRef = 0221E1082477C12D0022DCCB /* SPAlertIconAddView.swift */; };
		0221E1262477C12F0022DCCB /* SPAlertIconHeartView.swift in Sources */ = {isa = PBXBuildFile; fileRef = 0221E1092477C12D0022DCCB /* SPAlertIconHeartView.swift */; };
		0221E1272477C12F0022DCCB /* SPAlertIconShuffleView.swift in Sources */ = {isa = PBXBuildFile; fileRef = 0221E10A2477C12D0022DCCB /* SPAlertIconShuffleView.swift */; };
		0221E1282477C12F0022DCCB /* SPAlertIconSearchView.swift in Sources */ = {isa = PBXBuildFile; fileRef = 0221E10B2477C12E0022DCCB /* SPAlertIconSearchView.swift */; };
		0221E1292477C12F0022DCCB /* SPAlertIconStarView.swift in Sources */ = {isa = PBXBuildFile; fileRef = 0221E10C2477C12E0022DCCB /* SPAlertIconStarView.swift */; };
		0221E12A2477C12F0022DCCB /* SPAlertIconCardView.swift in Sources */ = {isa = PBXBuildFile; fileRef = 0221E10D2477C12E0022DCCB /* SPAlertIconCardView.swift */; };
		0221E12B2477C12F0022DCCB /* SPAlertIconLikeView.swift in Sources */ = {isa = PBXBuildFile; fileRef = 0221E10E2477C12E0022DCCB /* SPAlertIconLikeView.swift */; };
		0221E12C2477C12F0022DCCB /* SPAlertIconErrorView.swift in Sources */ = {isa = PBXBuildFile; fileRef = 0221E10F2477C12E0022DCCB /* SPAlertIconErrorView.swift */; };
		0221E12D2477C12F0022DCCB /* SPAlertIconQuestionView.swift in Sources */ = {isa = PBXBuildFile; fileRef = 0221E1102477C12E0022DCCB /* SPAlertIconQuestionView.swift */; };
		0221E12E2477C12F0022DCCB /* SPAlertIconExclamationView.swift in Sources */ = {isa = PBXBuildFile; fileRef = 0221E1112477C12E0022DCCB /* SPAlertIconExclamationView.swift */; };
		0221E12F2477C12F0022DCCB /* SPAlertIconMessageView.swift in Sources */ = {isa = PBXBuildFile; fileRef = 0221E1122477C12E0022DCCB /* SPAlertIconMessageView.swift */; };
		0221E1302477C12F0022DCCB /* SPAlertIconDislikeView.swift in Sources */ = {isa = PBXBuildFile; fileRef = 0221E1132477C12E0022DCCB /* SPAlertIconDislikeView.swift */; };
		0221E1312477C12F0022DCCB /* SPAlertIconBookmarkView.swift in Sources */ = {isa = PBXBuildFile; fileRef = 0221E1142477C12E0022DCCB /* SPAlertIconBookmarkView.swift */; };
		0221E1322477C12F0022DCCB /* SPAlertIconFlagView.swift in Sources */ = {isa = PBXBuildFile; fileRef = 0221E1152477C12E0022DCCB /* SPAlertIconFlagView.swift */; };
		0221E1332477C12F0022DCCB /* SPAlertIconRotateView.swift in Sources */ = {isa = PBXBuildFile; fileRef = 0221E1162477C12E0022DCCB /* SPAlertIconRotateView.swift */; };
		0221E1342477C12F0022DCCB /* SPAlertIconDocView.swift in Sources */ = {isa = PBXBuildFile; fileRef = 0221E1172477C12E0022DCCB /* SPAlertIconDocView.swift */; };
		0221E1352477C12F0022DCCB /* SPAlertIconPrivacyView.swift in Sources */ = {isa = PBXBuildFile; fileRef = 0221E1182477C12E0022DCCB /* SPAlertIconPrivacyView.swift */; };
		0221E1362477C12F0022DCCB /* SPAlertIconCartView.swift in Sources */ = {isa = PBXBuildFile; fileRef = 0221E1192477C12E0022DCCB /* SPAlertIconCartView.swift */; };
		0221E1372477C12F0022DCCB /* SPAlertIconDoneView.swift in Sources */ = {isa = PBXBuildFile; fileRef = 0221E11A2477C12E0022DCCB /* SPAlertIconDoneView.swift */; };
		0221E1382477C12F0022DCCB /* SPAlertIconRepeatView.swift in Sources */ = {isa = PBXBuildFile; fileRef = 0221E11B2477C12E0022DCCB /* SPAlertIconRepeatView.swift */; };
		0221E1392477C12F0022DCCB /* SPAlertIconMoonView.swift in Sources */ = {isa = PBXBuildFile; fileRef = 0221E11C2477C12E0022DCCB /* SPAlertIconMoonView.swift */; };
		0221E13A2477C12F0022DCCB /* SPAlert.swift in Sources */ = {isa = PBXBuildFile; fileRef = 0221E11D2477C12E0022DCCB /* SPAlert.swift */; };
		023CB4F924AAC6CC002FFF74 /* PersProjCommentApi.swift in Sources */ = {isa = PBXBuildFile; fileRef = 023CB4F824AAC6CC002FFF74 /* PersProjCommentApi.swift */; };
		023CB4FB24AAC753002FFF74 /* PersProjPostCommentApi.swift in Sources */ = {isa = PBXBuildFile; fileRef = 023CB4FA24AAC753002FFF74 /* PersProjPostCommentApi.swift */; };
		023CB4FD24AAC781002FFF74 /* JCompProjCommentApi.swift in Sources */ = {isa = PBXBuildFile; fileRef = 023CB4FC24AAC781002FFF74 /* JCompProjCommentApi.swift */; };
		023CB4FF24AAC7B4002FFF74 /* JCompProjPostCommentApi.swift in Sources */ = {isa = PBXBuildFile; fileRef = 023CB4FE24AAC7B4002FFF74 /* JCompProjPostCommentApi.swift */; };
		024A05512483A41300CC06CB /* ProjectsShareViewController.swift in Sources */ = {isa = PBXBuildFile; fileRef = 024A05502483A41300CC06CB /* ProjectsShareViewController.swift */; };
		024A05532483A43C00CC06CB /* TechShareViewController.swift in Sources */ = {isa = PBXBuildFile; fileRef = 024A05522483A43C00CC06CB /* TechShareViewController.swift */; };
		024C71112443B145002D9CCE /* AppDelegate.swift in Sources */ = {isa = PBXBuildFile; fileRef = 024C71102443B145002D9CCE /* AppDelegate.swift */; };
		024C71132443B145002D9CCE /* SceneDelegate.swift in Sources */ = {isa = PBXBuildFile; fileRef = 024C71122443B145002D9CCE /* SceneDelegate.swift */; };
		024C711A2443B149002D9CCE /* Assets.xcassets in Resources */ = {isa = PBXBuildFile; fileRef = 024C71192443B149002D9CCE /* Assets.xcassets */; };
		024C711D2443B149002D9CCE /* LaunchScreen.storyboard in Resources */ = {isa = PBXBuildFile; fileRef = 024C711B2443B149002D9CCE /* LaunchScreen.storyboard */; };
		024C71252443B48C002D9CCE /* SignUpViewController.swift in Sources */ = {isa = PBXBuildFile; fileRef = 024C71242443B48C002D9CCE /* SignUpViewController.swift */; };
		024CA806252630B70031BAD4 /* GoogleService-Info.plist in Resources */ = {isa = PBXBuildFile; fileRef = 024CA805252630B70031BAD4 /* GoogleService-Info.plist */; };
		024FC8CB24964ED8006046B3 /* SF-Pro-Rounded-Regular.otf in Resources */ = {isa = PBXBuildFile; fileRef = 024FC8C224964ED6006046B3 /* SF-Pro-Rounded-Regular.otf */; };
		024FC8CC24964ED8006046B3 /* SF-Pro-Rounded-Semibold.otf in Resources */ = {isa = PBXBuildFile; fileRef = 024FC8C324964ED7006046B3 /* SF-Pro-Rounded-Semibold.otf */; };
		024FC8CD24964ED8006046B3 /* SF-Pro-Rounded-Bold.otf in Resources */ = {isa = PBXBuildFile; fileRef = 024FC8C424964ED7006046B3 /* SF-Pro-Rounded-Bold.otf */; };
		024FC8CE24964ED8006046B3 /* SF-Pro-Rounded-Black.otf in Resources */ = {isa = PBXBuildFile; fileRef = 024FC8C524964ED7006046B3 /* SF-Pro-Rounded-Black.otf */; };
		024FC8CF24964ED8006046B3 /* SF-Pro-Rounded-Thin.otf in Resources */ = {isa = PBXBuildFile; fileRef = 024FC8C624964ED7006046B3 /* SF-Pro-Rounded-Thin.otf */; };
		024FC8D024964ED8006046B3 /* SF-Pro-Rounded-Ultralight.otf in Resources */ = {isa = PBXBuildFile; fileRef = 024FC8C724964ED7006046B3 /* SF-Pro-Rounded-Ultralight.otf */; };
		024FC8D124964ED8006046B3 /* SF-Pro-Rounded-Light.otf in Resources */ = {isa = PBXBuildFile; fileRef = 024FC8C824964ED8006046B3 /* SF-Pro-Rounded-Light.otf */; };
		024FC8D224964ED8006046B3 /* SF-Pro-Rounded-Medium.otf in Resources */ = {isa = PBXBuildFile; fileRef = 024FC8C924964ED8006046B3 /* SF-Pro-Rounded-Medium.otf */; };
		024FC8D324964ED8006046B3 /* SF-Pro-Rounded-Heavy.otf in Resources */ = {isa = PBXBuildFile; fileRef = 024FC8CA24964ED8006046B3 /* SF-Pro-Rounded-Heavy.otf */; };
		024FC8D52496BAF3006046B3 /* MenteeModel.swift in Sources */ = {isa = PBXBuildFile; fileRef = 024FC8D42496BAF2006046B3 /* MenteeModel.swift */; };
		024FC8D72496D447006046B3 /* MentorFeedViewController.swift in Sources */ = {isa = PBXBuildFile; fileRef = 024FC8D62496D447006046B3 /* MentorFeedViewController.swift */; };
		024FC8D92496D470006046B3 /* MenteeFeedViewController.swift in Sources */ = {isa = PBXBuildFile; fileRef = 024FC8D82496D470006046B3 /* MenteeFeedViewController.swift */; };
		025F79D824A569780052C9E1 /* PersonalProjectViewController.swift in Sources */ = {isa = PBXBuildFile; fileRef = 025F79D724A569780052C9E1 /* PersonalProjectViewController.swift */; };
		025F79DC24A56A200052C9E1 /* JComponentViewController.swift in Sources */ = {isa = PBXBuildFile; fileRef = 025F79DB24A56A200052C9E1 /* JComponentViewController.swift */; };
		025F79DE24A62F320052C9E1 /* FindNewProjectsViewController.swift in Sources */ = {isa = PBXBuildFile; fileRef = 025F79DD24A62F320052C9E1 /* FindNewProjectsViewController.swift */; };
		025F79E024A62F830052C9E1 /* FindJComponentViewController.swift in Sources */ = {isa = PBXBuildFile; fileRef = 025F79DF24A62F830052C9E1 /* FindJComponentViewController.swift */; };
		02802BB32484BA4F008BF296 /* MentorViewController.swift in Sources */ = {isa = PBXBuildFile; fileRef = 02802BB22484BA4F008BF296 /* MentorViewController.swift */; };
		02802BB52484BAB4008BF296 /* MenteeViewController.swift in Sources */ = {isa = PBXBuildFile; fileRef = 02802BB42484BAB4008BF296 /* MenteeViewController.swift */; };
		02802BB924850709008BF296 /* FeedViewController.swift in Sources */ = {isa = PBXBuildFile; fileRef = 02802BB824850709008BF296 /* FeedViewController.swift */; };
		02802BBB24857863008BF296 /* TextFieldCounter.swift in Sources */ = {isa = PBXBuildFile; fileRef = 02802BBA24857862008BF296 /* TextFieldCounter.swift */; };
		029FB8012475A3E60053D916 /* Extensions.swift in Sources */ = {isa = PBXBuildFile; fileRef = 029FB8002475A3E60053D916 /* Extensions.swift */; };
		02A4573C251B0504005F3E60 /* DiscoverViewController.swift in Sources */ = {isa = PBXBuildFile; fileRef = 02A4573B251B0504005F3E60 /* DiscoverViewController.swift */; };
		02A4D16A24CEC44A007502D7 /* CommentApi.swift in Sources */ = {isa = PBXBuildFile; fileRef = 02A4D16924CEC44A007502D7 /* CommentApi.swift */; };
		02A4D16C24CEC472007502D7 /* PostCommentApi.swift in Sources */ = {isa = PBXBuildFile; fileRef = 02A4D16B24CEC472007502D7 /* PostCommentApi.swift */; };
		02A4D16E24CEC492007502D7 /* MyPostsApi.swift in Sources */ = {isa = PBXBuildFile; fileRef = 02A4D16D24CEC492007502D7 /* MyPostsApi.swift */; };
		02A4D17024CEC553007502D7 /* HelperService.swift in Sources */ = {isa = PBXBuildFile; fileRef = 02A4D16F24CEC553007502D7 /* HelperService.swift */; };
		02A4D17224CF738B007502D7 /* Comment.swift in Sources */ = {isa = PBXBuildFile; fileRef = 02A4D17124CF738B007502D7 /* Comment.swift */; };
		02A502C924A4744F001E4F25 /* AddProjectViewController.swift in Sources */ = {isa = PBXBuildFile; fileRef = 02A502C824A4744F001E4F25 /* AddProjectViewController.swift */; };
		02AB10D024B98C5F00D1824D /* PostApi.swift in Sources */ = {isa = PBXBuildFile; fileRef = 02AB10CF24B98C5F00D1824D /* PostApi.swift */; };
		02AB10D224B98DC700D1824D /* Post.swift in Sources */ = {isa = PBXBuildFile; fileRef = 02AB10D124B98DC700D1824D /* Post.swift */; };
		02B0EBF924467C0D004742B1 /* iOSDropDown.swift in Sources */ = {isa = PBXBuildFile; fileRef = 02B0EBF824467C0D004742B1 /* iOSDropDown.swift */; };
		02B27EE524BC87E1002ECFC9 /* MyMenteePostsApi.swift in Sources */ = {isa = PBXBuildFile; fileRef = 02B27EE424BC87E1002ECFC9 /* MyMenteePostsApi.swift */; };
		02B27EE724BC8859002ECFC9 /* MyPersProjApi.swift in Sources */ = {isa = PBXBuildFile; fileRef = 02B27EE624BC8859002ECFC9 /* MyPersProjApi.swift */; };
		02B27EE924BC88B6002ECFC9 /* MyJCompProjApi.swift in Sources */ = {isa = PBXBuildFile; fileRef = 02B27EE824BC88B6002ECFC9 /* MyJCompProjApi.swift */; };
		02B96D8F248659CF000C7D48 /* MentorPostCell.swift in Sources */ = {isa = PBXBuildFile; fileRef = 02B96D8D248659CF000C7D48 /* MentorPostCell.swift */; };
		02B96D90248659CF000C7D48 /* MentorPostCell.xib in Resources */ = {isa = PBXBuildFile; fileRef = 02B96D8E248659CF000C7D48 /* MentorPostCell.xib */; };
		02B96D93248665B2000C7D48 /* MenteePostCell.swift in Sources */ = {isa = PBXBuildFile; fileRef = 02B96D91248665B2000C7D48 /* MenteePostCell.swift */; };
		02B96D94248665B2000C7D48 /* MenteePostCell.xib in Resources */ = {isa = PBXBuildFile; fileRef = 02B96D92248665B2000C7D48 /* MenteePostCell.xib */; };
		02BA546924A8A82200F3DFA5 /* JComponentProjectPostApi.swift in Sources */ = {isa = PBXBuildFile; fileRef = 02BA546824A8A82200F3DFA5 /* JComponentProjectPostApi.swift */; };
		02BA546B24A8A9BD00F3DFA5 /* JComponentProjectModel.swift in Sources */ = {isa = PBXBuildFile; fileRef = 02BA546A24A8A9BD00F3DFA5 /* JComponentProjectModel.swift */; };
		02BA546E24A91D6E00F3DFA5 /* JCompProjPostCell.swift in Sources */ = {isa = PBXBuildFile; fileRef = 02BA546C24A91D6E00F3DFA5 /* JCompProjPostCell.swift */; };
		02BA546F24A91D6E00F3DFA5 /* JCompProjPostCell.xib in Resources */ = {isa = PBXBuildFile; fileRef = 02BA546D24A91D6E00F3DFA5 /* JCompProjPostCell.xib */; };
		02BA547124A9609D00F3DFA5 /* CommentsInPersProjFeed.swift in Sources */ = {isa = PBXBuildFile; fileRef = 02BA547024A9609D00F3DFA5 /* CommentsInPersProjFeed.swift */; };
		02BA547324A960E600F3DFA5 /* CommentsInPersProjTableViewCell.swift in Sources */ = {isa = PBXBuildFile; fileRef = 02BA547224A960E600F3DFA5 /* CommentsInPersProjTableViewCell.swift */; };
		02BA547524A9616E00F3DFA5 /* PersProjectComments.swift in Sources */ = {isa = PBXBuildFile; fileRef = 02BA547424A9616E00F3DFA5 /* PersProjectComments.swift */; };
		02BA547724A9B91E00F3DFA5 /* JCompProjectComments.swift in Sources */ = {isa = PBXBuildFile; fileRef = 02BA547624A9B91E00F3DFA5 /* JCompProjectComments.swift */; };
		02BA547924A9B9AF00F3DFA5 /* CommentsInJCompProjFeed.swift in Sources */ = {isa = PBXBuildFile; fileRef = 02BA547824A9B9AF00F3DFA5 /* CommentsInJCompProjFeed.swift */; };
		02BA547B24A9BA1100F3DFA5 /* CommentsInJCompProjTableViewCell.swift in Sources */ = {isa = PBXBuildFile; fileRef = 02BA547A24A9BA1100F3DFA5 /* CommentsInJCompProjTableViewCell.swift */; };
		02C774892498068D0037E693 /* CommentsInMentorPostFeed.swift in Sources */ = {isa = PBXBuildFile; fileRef = 02C774882498068D0037E693 /* CommentsInMentorPostFeed.swift */; };
		02C7748B2498071D0037E693 /* CommentsInMenteePostFeed.swift in Sources */ = {isa = PBXBuildFile; fileRef = 02C7748A2498071D0037E693 /* CommentsInMenteePostFeed.swift */; };
		02C7748D249811400037E693 /* CommentsInMenteeTableViewCell.swift in Sources */ = {isa = PBXBuildFile; fileRef = 02C7748C249811400037E693 /* CommentsInMenteeTableViewCell.swift */; };
		02C7748F2498117C0037E693 /* CommentsInMentorTableViewCell.swift in Sources */ = {isa = PBXBuildFile; fileRef = 02C7748E2498117C0037E693 /* CommentsInMentorTableViewCell.swift */; };
		02CAF42024B84499008A7874 /* ShareOnWallViewController.swift in Sources */ = {isa = PBXBuildFile; fileRef = 02CAF41F24B84499008A7874 /* ShareOnWallViewController.swift */; };
		02D2DF5A24A1814E00A6A017 /* SF-Pro-Text-SemiboldItalic.otf in Resources */ = {isa = PBXBuildFile; fileRef = 02D2DF5524A1814D00A6A017 /* SF-Pro-Text-SemiboldItalic.otf */; };
		02D2DF5B24A1814E00A6A017 /* SF-Pro-Text-RegularItalic.otf in Resources */ = {isa = PBXBuildFile; fileRef = 02D2DF5624A1814D00A6A017 /* SF-Pro-Text-RegularItalic.otf */; };
		02D2DF5C24A1814E00A6A017 /* SF-Pro-Text-MediumItalic.otf in Resources */ = {isa = PBXBuildFile; fileRef = 02D2DF5724A1814D00A6A017 /* SF-Pro-Text-MediumItalic.otf */; };
		02D2DF5D24A1814E00A6A017 /* SF-Pro-Text-ThinItalic.otf in Resources */ = {isa = PBXBuildFile; fileRef = 02D2DF5824A1814D00A6A017 /* SF-Pro-Text-ThinItalic.otf */; };
		02D2DF5E24A1814E00A6A017 /* SF-Pro-Text-LightItalic.otf in Resources */ = {isa = PBXBuildFile; fileRef = 02D2DF5924A1814E00A6A017 /* SF-Pro-Text-LightItalic.otf */; };
		02D2DF6024A1A5AC00A6A017 /* EditProfileViewController.swift in Sources */ = {isa = PBXBuildFile; fileRef = 02D2DF5F24A1A5AC00A6A017 /* EditProfileViewController.swift */; };
		02D2DF6224A1A65500A6A017 /* MyPostsViewController.swift in Sources */ = {isa = PBXBuildFile; fileRef = 02D2DF6124A1A65500A6A017 /* MyPostsViewController.swift */; };
		02D2DF6424A1A7B400A6A017 /* NotificationsViewController.swift in Sources */ = {isa = PBXBuildFile; fileRef = 02D2DF6324A1A7B400A6A017 /* NotificationsViewController.swift */; };
		02D2DF6624A1A80700A6A017 /* DevelopersViewController.swift in Sources */ = {isa = PBXBuildFile; fileRef = 02D2DF6524A1A80700A6A017 /* DevelopersViewController.swift */; };
		02D6B9262498E10F0008B503 /* MenteeComments.swift in Sources */ = {isa = PBXBuildFile; fileRef = 02D6B9252498E10F0008B503 /* MenteeComments.swift */; };
		02D6B9282498E13B0008B503 /* MentorComments.swift in Sources */ = {isa = PBXBuildFile; fileRef = 02D6B9272498E13B0008B503 /* MentorComments.swift */; };
		02D6B92A249909170008B503 /* AppUser.swift in Sources */ = {isa = PBXBuildFile; fileRef = 02D6B929249909170008B503 /* AppUser.swift */; };
		02DC18D4248224C100CBC10C /* AuthService.swift in Sources */ = {isa = PBXBuildFile; fileRef = 02DC18D3248224C100CBC10C /* AuthService.swift */; };
		02E3A9A92478DC4A00A9C18C /* CBTabItemSelectAnimation.swift in Sources */ = {isa = PBXBuildFile; fileRef = 02E3A99D2478DC4700A9C18C /* CBTabItemSelectAnimation.swift */; };
		02E3A9AA2478DC4A00A9C18C /* CBTabItemBasicAnimation.swift in Sources */ = {isa = PBXBuildFile; fileRef = 02E3A99E2478DC4700A9C18C /* CBTabItemBasicAnimation.swift */; };
		02E3A9AB2478DC4A00A9C18C /* CBTabItemAnimation.swift in Sources */ = {isa = PBXBuildFile; fileRef = 02E3A99F2478DC4700A9C18C /* CBTabItemAnimation.swift */; };
		02E3A9AC2478DC4A00A9C18C /* CBTabItemDeselectAnimation.swift in Sources */ = {isa = PBXBuildFile; fileRef = 02E3A9A02478DC4700A9C18C /* CBTabItemDeselectAnimation.swift */; };
		02E3A9AD2478DC4A00A9C18C /* CBFlashyTabBar.swift in Sources */ = {isa = PBXBuildFile; fileRef = 02E3A9A12478DC4700A9C18C /* CBFlashyTabBar.swift */; };
		02E3A9AE2478DC4A00A9C18C /* CBTabBarButton.swift in Sources */ = {isa = PBXBuildFile; fileRef = 02E3A9A22478DC4700A9C18C /* CBTabBarButton.swift */; };
		02E3A9AF2478DC4A00A9C18C /* CBFlashyTabBarController.swift in Sources */ = {isa = PBXBuildFile; fileRef = 02E3A9A32478DC4700A9C18C /* CBFlashyTabBarController.swift */; };
		02E90B2C249D89C30094759C /* Api.swift in Sources */ = {isa = PBXBuildFile; fileRef = 02E90B2A249D89C10094759C /* Api.swift */; };
		02E90B2D249D89C30094759C /* MenteePostApi.swift in Sources */ = {isa = PBXBuildFile; fileRef = 02E90B2B249D89C20094759C /* MenteePostApi.swift */; };
		02E90B2F249D8CE50094759C /* UserApi.swift in Sources */ = {isa = PBXBuildFile; fileRef = 02E90B2E249D8CE40094759C /* UserApi.swift */; };
		02E90B31249D9EB50094759C /* MenteeCommentApi.swift in Sources */ = {isa = PBXBuildFile; fileRef = 02E90B30249D9EB50094759C /* MenteeCommentApi.swift */; };
		02E90B33249DA1F20094759C /* MenteePostCommentApi.swift in Sources */ = {isa = PBXBuildFile; fileRef = 02E90B32249DA1F10094759C /* MenteePostCommentApi.swift */; };
		02E90B35249ED96C0094759C /* MentorPostApi.swift in Sources */ = {isa = PBXBuildFile; fileRef = 02E90B34249ED96C0094759C /* MentorPostApi.swift */; };
		02E90B37249ED9B10094759C /* MentorCommentApi.swift in Sources */ = {isa = PBXBuildFile; fileRef = 02E90B36249ED9B00094759C /* MentorCommentApi.swift */; };
		02E90B39249ED9D50094759C /* MentorPostCommentApi.swift in Sources */ = {isa = PBXBuildFile; fileRef = 02E90B38249ED9D40094759C /* MentorPostCommentApi.swift */; };
		02E9B87524BA133C00F5D9E3 /* HelperServiceMentor.swift in Sources */ = {isa = PBXBuildFile; fileRef = 02E9B87424BA133C00F5D9E3 /* HelperServiceMentor.swift */; };
		02E9B87724BA135F00F5D9E3 /* HelperServiceMentee.swift in Sources */ = {isa = PBXBuildFile; fileRef = 02E9B87624BA135F00F5D9E3 /* HelperServiceMentee.swift */; };
		02E9B87924BA138500F5D9E3 /* HelperServicePP.swift in Sources */ = {isa = PBXBuildFile; fileRef = 02E9B87824BA138500F5D9E3 /* HelperServicePP.swift */; };
		02E9B87B24BA139300F5D9E3 /* HelperServiceJC.swift in Sources */ = {isa = PBXBuildFile; fileRef = 02E9B87A24BA139300F5D9E3 /* HelperServiceJC.swift */; };
		02EB905824C8CAA3008C4FCB /* Main.storyboard in Resources */ = {isa = PBXBuildFile; fileRef = 02EB905724C8CAA2008C4FCB /* Main.storyboard */; };
		02F84B1524BAEB02003EF494 /* MyMentorPostsApi.swift in Sources */ = {isa = PBXBuildFile; fileRef = 02F84B1424BAEB01003EF494 /* MyMentorPostsApi.swift */; };
		4D578D3567D08131C8FFD5B2 /* Pods_VIT_Share.framework in Frameworks */ = {isa = PBXBuildFile; fileRef = 2A02082E460E2A362F80980C /* Pods_VIT_Share.framework */; };
/* End PBXBuildFile section */

/* Begin PBXFileReference section */
		020A32FB244434F1006FE3E5 /* LoginViewController.swift */ = {isa = PBXFileReference; lastKnownFileType = sourcecode.swift; path = LoginViewController.swift; sourceTree = "<group>"; };
		020A330324443B07006FE3E5 /* ProfileViewController.swift */ = {isa = PBXFileReference; lastKnownFileType = sourcecode.swift; path = ProfileViewController.swift; sourceTree = "<group>"; };
		0216544F24941D44007F6A73 /* MentorModel.swift */ = {isa = PBXFileReference; lastKnownFileType = sourcecode.swift; path = MentorModel.swift; sourceTree = "<group>"; };
		0220019F24A7078300C60462 /* JComponentFeed.swift */ = {isa = PBXFileReference; lastKnownFileType = sourcecode.swift; path = JComponentFeed.swift; sourceTree = "<group>"; };
		022001A124A707AE00C60462 /* ProjectRequestFeed.swift */ = {isa = PBXFileReference; lastKnownFileType = sourcecode.swift; path = ProjectRequestFeed.swift; sourceTree = "<group>"; };
		022001A324A7D1F700C60462 /* PersProjPostCell.swift */ = {isa = PBXFileReference; lastKnownFileType = sourcecode.swift; path = PersProjPostCell.swift; sourceTree = "<group>"; };
		022001A424A7D1F700C60462 /* PersProjPostCell.xib */ = {isa = PBXFileReference; lastKnownFileType = file.xib; path = PersProjPostCell.xib; sourceTree = "<group>"; };
		022001A724A7E32700C60462 /* PersonalProjectPostApi.swift */ = {isa = PBXFileReference; lastKnownFileType = sourcecode.swift; path = PersonalProjectPostApi.swift; sourceTree = "<group>"; };
		022001AB24A7EAA100C60462 /* PersonalProjectModel.swift */ = {isa = PBXFileReference; lastKnownFileType = sourcecode.swift; path = PersonalProjectModel.swift; sourceTree = "<group>"; };
		0221E0FE2477C12D0022DCCB /* SPAlertPreset.swift */ = {isa = PBXFileReference; fileEncoding = 4; lastKnownFileType = sourcecode.swift; path = SPAlertPreset.swift; sourceTree = "<group>"; };
		0221E0FF2477C12D0022DCCB /* SPAlertHaptic.swift */ = {isa = PBXFileReference; fileEncoding = 4; lastKnownFileType = sourcecode.swift; path = SPAlertHaptic.swift; sourceTree = "<group>"; };
		0221E1002477C12D0022DCCB /* SPAlertLayout.swift */ = {isa = PBXFileReference; fileEncoding = 4; lastKnownFileType = sourcecode.swift; path = SPAlertLayout.swift; sourceTree = "<group>"; };
		0221E1022477C12D0022DCCB /* SPAlertIconAnimatable.swift */ = {isa = PBXFileReference; fileEncoding = 4; lastKnownFileType = sourcecode.swift; path = SPAlertIconAnimatable.swift; sourceTree = "<group>"; };
		0221E1042477C12D0022DCCB /* SPAlertView.swift */ = {isa = PBXFileReference; fileEncoding = 4; lastKnownFileType = sourcecode.swift; path = SPAlertView.swift; sourceTree = "<group>"; };
		0221E1062477C12D0022DCCB /* SPAlertIconBoltView.swift */ = {isa = PBXFileReference; fileEncoding = 4; lastKnownFileType = sourcecode.swift; path = SPAlertIconBoltView.swift; sourceTree = "<group>"; };
		0221E1072477C12D0022DCCB /* SPAlertIconEjectView.swift */ = {isa = PBXFileReference; fileEncoding = 4; lastKnownFileType = sourcecode.swift; path = SPAlertIconEjectView.swift; sourceTree = "<group>"; };
		0221E1082477C12D0022DCCB /* SPAlertIconAddView.swift */ = {isa = PBXFileReference; fileEncoding = 4; lastKnownFileType = sourcecode.swift; path = SPAlertIconAddView.swift; sourceTree = "<group>"; };
		0221E1092477C12D0022DCCB /* SPAlertIconHeartView.swift */ = {isa = PBXFileReference; fileEncoding = 4; lastKnownFileType = sourcecode.swift; path = SPAlertIconHeartView.swift; sourceTree = "<group>"; };
		0221E10A2477C12D0022DCCB /* SPAlertIconShuffleView.swift */ = {isa = PBXFileReference; fileEncoding = 4; lastKnownFileType = sourcecode.swift; path = SPAlertIconShuffleView.swift; sourceTree = "<group>"; };
		0221E10B2477C12E0022DCCB /* SPAlertIconSearchView.swift */ = {isa = PBXFileReference; fileEncoding = 4; lastKnownFileType = sourcecode.swift; path = SPAlertIconSearchView.swift; sourceTree = "<group>"; };
		0221E10C2477C12E0022DCCB /* SPAlertIconStarView.swift */ = {isa = PBXFileReference; fileEncoding = 4; lastKnownFileType = sourcecode.swift; path = SPAlertIconStarView.swift; sourceTree = "<group>"; };
		0221E10D2477C12E0022DCCB /* SPAlertIconCardView.swift */ = {isa = PBXFileReference; fileEncoding = 4; lastKnownFileType = sourcecode.swift; path = SPAlertIconCardView.swift; sourceTree = "<group>"; };
		0221E10E2477C12E0022DCCB /* SPAlertIconLikeView.swift */ = {isa = PBXFileReference; fileEncoding = 4; lastKnownFileType = sourcecode.swift; path = SPAlertIconLikeView.swift; sourceTree = "<group>"; };
		0221E10F2477C12E0022DCCB /* SPAlertIconErrorView.swift */ = {isa = PBXFileReference; fileEncoding = 4; lastKnownFileType = sourcecode.swift; path = SPAlertIconErrorView.swift; sourceTree = "<group>"; };
		0221E1102477C12E0022DCCB /* SPAlertIconQuestionView.swift */ = {isa = PBXFileReference; fileEncoding = 4; lastKnownFileType = sourcecode.swift; path = SPAlertIconQuestionView.swift; sourceTree = "<group>"; };
		0221E1112477C12E0022DCCB /* SPAlertIconExclamationView.swift */ = {isa = PBXFileReference; fileEncoding = 4; lastKnownFileType = sourcecode.swift; path = SPAlertIconExclamationView.swift; sourceTree = "<group>"; };
		0221E1122477C12E0022DCCB /* SPAlertIconMessageView.swift */ = {isa = PBXFileReference; fileEncoding = 4; lastKnownFileType = sourcecode.swift; path = SPAlertIconMessageView.swift; sourceTree = "<group>"; };
		0221E1132477C12E0022DCCB /* SPAlertIconDislikeView.swift */ = {isa = PBXFileReference; fileEncoding = 4; lastKnownFileType = sourcecode.swift; path = SPAlertIconDislikeView.swift; sourceTree = "<group>"; };
		0221E1142477C12E0022DCCB /* SPAlertIconBookmarkView.swift */ = {isa = PBXFileReference; fileEncoding = 4; lastKnownFileType = sourcecode.swift; path = SPAlertIconBookmarkView.swift; sourceTree = "<group>"; };
		0221E1152477C12E0022DCCB /* SPAlertIconFlagView.swift */ = {isa = PBXFileReference; fileEncoding = 4; lastKnownFileType = sourcecode.swift; path = SPAlertIconFlagView.swift; sourceTree = "<group>"; };
		0221E1162477C12E0022DCCB /* SPAlertIconRotateView.swift */ = {isa = PBXFileReference; fileEncoding = 4; lastKnownFileType = sourcecode.swift; path = SPAlertIconRotateView.swift; sourceTree = "<group>"; };
		0221E1172477C12E0022DCCB /* SPAlertIconDocView.swift */ = {isa = PBXFileReference; fileEncoding = 4; lastKnownFileType = sourcecode.swift; path = SPAlertIconDocView.swift; sourceTree = "<group>"; };
		0221E1182477C12E0022DCCB /* SPAlertIconPrivacyView.swift */ = {isa = PBXFileReference; fileEncoding = 4; lastKnownFileType = sourcecode.swift; path = SPAlertIconPrivacyView.swift; sourceTree = "<group>"; };
		0221E1192477C12E0022DCCB /* SPAlertIconCartView.swift */ = {isa = PBXFileReference; fileEncoding = 4; lastKnownFileType = sourcecode.swift; path = SPAlertIconCartView.swift; sourceTree = "<group>"; };
		0221E11A2477C12E0022DCCB /* SPAlertIconDoneView.swift */ = {isa = PBXFileReference; fileEncoding = 4; lastKnownFileType = sourcecode.swift; path = SPAlertIconDoneView.swift; sourceTree = "<group>"; };
		0221E11B2477C12E0022DCCB /* SPAlertIconRepeatView.swift */ = {isa = PBXFileReference; fileEncoding = 4; lastKnownFileType = sourcecode.swift; path = SPAlertIconRepeatView.swift; sourceTree = "<group>"; };
		0221E11C2477C12E0022DCCB /* SPAlertIconMoonView.swift */ = {isa = PBXFileReference; fileEncoding = 4; lastKnownFileType = sourcecode.swift; path = SPAlertIconMoonView.swift; sourceTree = "<group>"; };
		0221E11D2477C12E0022DCCB /* SPAlert.swift */ = {isa = PBXFileReference; fileEncoding = 4; lastKnownFileType = sourcecode.swift; path = SPAlert.swift; sourceTree = "<group>"; };
		023CB4F824AAC6CC002FFF74 /* PersProjCommentApi.swift */ = {isa = PBXFileReference; lastKnownFileType = sourcecode.swift; path = PersProjCommentApi.swift; sourceTree = "<group>"; };
		023CB4FA24AAC753002FFF74 /* PersProjPostCommentApi.swift */ = {isa = PBXFileReference; lastKnownFileType = sourcecode.swift; path = PersProjPostCommentApi.swift; sourceTree = "<group>"; };
		023CB4FC24AAC781002FFF74 /* JCompProjCommentApi.swift */ = {isa = PBXFileReference; lastKnownFileType = sourcecode.swift; path = JCompProjCommentApi.swift; sourceTree = "<group>"; };
		023CB4FE24AAC7B4002FFF74 /* JCompProjPostCommentApi.swift */ = {isa = PBXFileReference; lastKnownFileType = sourcecode.swift; path = JCompProjPostCommentApi.swift; sourceTree = "<group>"; };
		024A05502483A41300CC06CB /* ProjectsShareViewController.swift */ = {isa = PBXFileReference; lastKnownFileType = sourcecode.swift; path = ProjectsShareViewController.swift; sourceTree = "<group>"; };
		024A05522483A43C00CC06CB /* TechShareViewController.swift */ = {isa = PBXFileReference; lastKnownFileType = sourcecode.swift; path = TechShareViewController.swift; sourceTree = "<group>"; };
		024C710D2443B145002D9CCE /* Envit.app */ = {isa = PBXFileReference; explicitFileType = wrapper.application; includeInIndex = 0; path = Envit.app; sourceTree = BUILT_PRODUCTS_DIR; };
		024C71102443B145002D9CCE /* AppDelegate.swift */ = {isa = PBXFileReference; lastKnownFileType = sourcecode.swift; path = AppDelegate.swift; sourceTree = "<group>"; };
		024C71122443B145002D9CCE /* SceneDelegate.swift */ = {isa = PBXFileReference; lastKnownFileType = sourcecode.swift; path = SceneDelegate.swift; sourceTree = "<group>"; };
		024C71192443B149002D9CCE /* Assets.xcassets */ = {isa = PBXFileReference; lastKnownFileType = folder.assetcatalog; path = Assets.xcassets; sourceTree = "<group>"; };
		024C711C2443B149002D9CCE /* Base */ = {isa = PBXFileReference; lastKnownFileType = file.storyboard; name = Base; path = Base.lproj/LaunchScreen.storyboard; sourceTree = "<group>"; };
		024C711E2443B149002D9CCE /* Info.plist */ = {isa = PBXFileReference; lastKnownFileType = text.plist.xml; path = Info.plist; sourceTree = "<group>"; };
		024C71242443B48C002D9CCE /* SignUpViewController.swift */ = {isa = PBXFileReference; lastKnownFileType = sourcecode.swift; path = SignUpViewController.swift; sourceTree = "<group>"; };
		024CA805252630B70031BAD4 /* GoogleService-Info.plist */ = {isa = PBXFileReference; fileEncoding = 4; lastKnownFileType = text.plist.xml; path = "GoogleService-Info.plist"; sourceTree = "<group>"; };
		024FC8C224964ED6006046B3 /* SF-Pro-Rounded-Regular.otf */ = {isa = PBXFileReference; lastKnownFileType = file; path = "SF-Pro-Rounded-Regular.otf"; sourceTree = "<group>"; };
		024FC8C324964ED7006046B3 /* SF-Pro-Rounded-Semibold.otf */ = {isa = PBXFileReference; lastKnownFileType = file; path = "SF-Pro-Rounded-Semibold.otf"; sourceTree = "<group>"; };
		024FC8C424964ED7006046B3 /* SF-Pro-Rounded-Bold.otf */ = {isa = PBXFileReference; lastKnownFileType = file; path = "SF-Pro-Rounded-Bold.otf"; sourceTree = "<group>"; };
		024FC8C524964ED7006046B3 /* SF-Pro-Rounded-Black.otf */ = {isa = PBXFileReference; lastKnownFileType = file; path = "SF-Pro-Rounded-Black.otf"; sourceTree = "<group>"; };
		024FC8C624964ED7006046B3 /* SF-Pro-Rounded-Thin.otf */ = {isa = PBXFileReference; lastKnownFileType = file; path = "SF-Pro-Rounded-Thin.otf"; sourceTree = "<group>"; };
		024FC8C724964ED7006046B3 /* SF-Pro-Rounded-Ultralight.otf */ = {isa = PBXFileReference; lastKnownFileType = file; path = "SF-Pro-Rounded-Ultralight.otf"; sourceTree = "<group>"; };
		024FC8C824964ED8006046B3 /* SF-Pro-Rounded-Light.otf */ = {isa = PBXFileReference; lastKnownFileType = file; path = "SF-Pro-Rounded-Light.otf"; sourceTree = "<group>"; };
		024FC8C924964ED8006046B3 /* SF-Pro-Rounded-Medium.otf */ = {isa = PBXFileReference; lastKnownFileType = file; path = "SF-Pro-Rounded-Medium.otf"; sourceTree = "<group>"; };
		024FC8CA24964ED8006046B3 /* SF-Pro-Rounded-Heavy.otf */ = {isa = PBXFileReference; lastKnownFileType = file; path = "SF-Pro-Rounded-Heavy.otf"; sourceTree = "<group>"; };
		024FC8D42496BAF2006046B3 /* MenteeModel.swift */ = {isa = PBXFileReference; lastKnownFileType = sourcecode.swift; path = MenteeModel.swift; sourceTree = "<group>"; };
		024FC8D62496D447006046B3 /* MentorFeedViewController.swift */ = {isa = PBXFileReference; lastKnownFileType = sourcecode.swift; path = MentorFeedViewController.swift; sourceTree = "<group>"; };
		024FC8D82496D470006046B3 /* MenteeFeedViewController.swift */ = {isa = PBXFileReference; lastKnownFileType = sourcecode.swift; path = MenteeFeedViewController.swift; sourceTree = "<group>"; };
		025F79D724A569780052C9E1 /* PersonalProjectViewController.swift */ = {isa = PBXFileReference; lastKnownFileType = sourcecode.swift; path = PersonalProjectViewController.swift; sourceTree = "<group>"; };
		025F79DB24A56A200052C9E1 /* JComponentViewController.swift */ = {isa = PBXFileReference; lastKnownFileType = sourcecode.swift; path = JComponentViewController.swift; sourceTree = "<group>"; };
		025F79DD24A62F320052C9E1 /* FindNewProjectsViewController.swift */ = {isa = PBXFileReference; lastKnownFileType = sourcecode.swift; path = FindNewProjectsViewController.swift; sourceTree = "<group>"; };
		025F79DF24A62F830052C9E1 /* FindJComponentViewController.swift */ = {isa = PBXFileReference; lastKnownFileType = sourcecode.swift; path = FindJComponentViewController.swift; sourceTree = "<group>"; };
		02802BB22484BA4F008BF296 /* MentorViewController.swift */ = {isa = PBXFileReference; lastKnownFileType = sourcecode.swift; path = MentorViewController.swift; sourceTree = "<group>"; };
		02802BB42484BAB4008BF296 /* MenteeViewController.swift */ = {isa = PBXFileReference; lastKnownFileType = sourcecode.swift; path = MenteeViewController.swift; sourceTree = "<group>"; };
		02802BB824850709008BF296 /* FeedViewController.swift */ = {isa = PBXFileReference; lastKnownFileType = sourcecode.swift; path = FeedViewController.swift; sourceTree = "<group>"; };
		02802BBA24857862008BF296 /* TextFieldCounter.swift */ = {isa = PBXFileReference; fileEncoding = 4; lastKnownFileType = sourcecode.swift; path = TextFieldCounter.swift; sourceTree = "<group>"; };
		029FB8002475A3E60053D916 /* Extensions.swift */ = {isa = PBXFileReference; lastKnownFileType = sourcecode.swift; path = Extensions.swift; sourceTree = "<group>"; };
		02A4573B251B0504005F3E60 /* DiscoverViewController.swift */ = {isa = PBXFileReference; lastKnownFileType = sourcecode.swift; path = DiscoverViewController.swift; sourceTree = "<group>"; };
		02A4D16924CEC44A007502D7 /* CommentApi.swift */ = {isa = PBXFileReference; lastKnownFileType = sourcecode.swift; path = CommentApi.swift; sourceTree = "<group>"; };
		02A4D16B24CEC472007502D7 /* PostCommentApi.swift */ = {isa = PBXFileReference; lastKnownFileType = sourcecode.swift; path = PostCommentApi.swift; sourceTree = "<group>"; };
		02A4D16D24CEC492007502D7 /* MyPostsApi.swift */ = {isa = PBXFileReference; lastKnownFileType = sourcecode.swift; path = MyPostsApi.swift; sourceTree = "<group>"; };
		02A4D16F24CEC553007502D7 /* HelperService.swift */ = {isa = PBXFileReference; lastKnownFileType = sourcecode.swift; path = HelperService.swift; sourceTree = "<group>"; };
		02A4D17124CF738B007502D7 /* Comment.swift */ = {isa = PBXFileReference; lastKnownFileType = sourcecode.swift; path = Comment.swift; sourceTree = "<group>"; };
		02A502C824A4744F001E4F25 /* AddProjectViewController.swift */ = {isa = PBXFileReference; lastKnownFileType = sourcecode.swift; path = AddProjectViewController.swift; sourceTree = "<group>"; };
		02AB10CF24B98C5F00D1824D /* PostApi.swift */ = {isa = PBXFileReference; lastKnownFileType = sourcecode.swift; path = PostApi.swift; sourceTree = "<group>"; };
		02AB10D124B98DC700D1824D /* Post.swift */ = {isa = PBXFileReference; lastKnownFileType = sourcecode.swift; path = Post.swift; sourceTree = "<group>"; };
		02B0EBF824467C0D004742B1 /* iOSDropDown.swift */ = {isa = PBXFileReference; fileEncoding = 4; lastKnownFileType = sourcecode.swift; path = iOSDropDown.swift; sourceTree = "<group>"; };
		02B27EE424BC87E1002ECFC9 /* MyMenteePostsApi.swift */ = {isa = PBXFileReference; lastKnownFileType = sourcecode.swift; path = MyMenteePostsApi.swift; sourceTree = "<group>"; };
		02B27EE624BC8859002ECFC9 /* MyPersProjApi.swift */ = {isa = PBXFileReference; lastKnownFileType = sourcecode.swift; path = MyPersProjApi.swift; sourceTree = "<group>"; };
		02B27EE824BC88B6002ECFC9 /* MyJCompProjApi.swift */ = {isa = PBXFileReference; lastKnownFileType = sourcecode.swift; path = MyJCompProjApi.swift; sourceTree = "<group>"; };
		02B96D8D248659CF000C7D48 /* MentorPostCell.swift */ = {isa = PBXFileReference; lastKnownFileType = sourcecode.swift; path = MentorPostCell.swift; sourceTree = "<group>"; };
		02B96D8E248659CF000C7D48 /* MentorPostCell.xib */ = {isa = PBXFileReference; lastKnownFileType = file.xib; path = MentorPostCell.xib; sourceTree = "<group>"; };
		02B96D91248665B2000C7D48 /* MenteePostCell.swift */ = {isa = PBXFileReference; lastKnownFileType = sourcecode.swift; path = MenteePostCell.swift; sourceTree = "<group>"; };
		02B96D92248665B2000C7D48 /* MenteePostCell.xib */ = {isa = PBXFileReference; lastKnownFileType = file.xib; path = MenteePostCell.xib; sourceTree = "<group>"; };
		02BA546824A8A82200F3DFA5 /* JComponentProjectPostApi.swift */ = {isa = PBXFileReference; lastKnownFileType = sourcecode.swift; path = JComponentProjectPostApi.swift; sourceTree = "<group>"; };
		02BA546A24A8A9BD00F3DFA5 /* JComponentProjectModel.swift */ = {isa = PBXFileReference; lastKnownFileType = sourcecode.swift; path = JComponentProjectModel.swift; sourceTree = "<group>"; };
		02BA546C24A91D6E00F3DFA5 /* JCompProjPostCell.swift */ = {isa = PBXFileReference; lastKnownFileType = sourcecode.swift; path = JCompProjPostCell.swift; sourceTree = "<group>"; };
		02BA546D24A91D6E00F3DFA5 /* JCompProjPostCell.xib */ = {isa = PBXFileReference; lastKnownFileType = file.xib; path = JCompProjPostCell.xib; sourceTree = "<group>"; };
		02BA547024A9609D00F3DFA5 /* CommentsInPersProjFeed.swift */ = {isa = PBXFileReference; lastKnownFileType = sourcecode.swift; path = CommentsInPersProjFeed.swift; sourceTree = "<group>"; };
		02BA547224A960E600F3DFA5 /* CommentsInPersProjTableViewCell.swift */ = {isa = PBXFileReference; lastKnownFileType = sourcecode.swift; path = CommentsInPersProjTableViewCell.swift; sourceTree = "<group>"; };
		02BA547424A9616E00F3DFA5 /* PersProjectComments.swift */ = {isa = PBXFileReference; lastKnownFileType = sourcecode.swift; path = PersProjectComments.swift; sourceTree = "<group>"; };
		02BA547624A9B91E00F3DFA5 /* JCompProjectComments.swift */ = {isa = PBXFileReference; lastKnownFileType = sourcecode.swift; path = JCompProjectComments.swift; sourceTree = "<group>"; };
		02BA547824A9B9AF00F3DFA5 /* CommentsInJCompProjFeed.swift */ = {isa = PBXFileReference; lastKnownFileType = sourcecode.swift; path = CommentsInJCompProjFeed.swift; sourceTree = "<group>"; };
		02BA547A24A9BA1100F3DFA5 /* CommentsInJCompProjTableViewCell.swift */ = {isa = PBXFileReference; lastKnownFileType = sourcecode.swift; path = CommentsInJCompProjTableViewCell.swift; sourceTree = "<group>"; };
		02C774882498068D0037E693 /* CommentsInMentorPostFeed.swift */ = {isa = PBXFileReference; lastKnownFileType = sourcecode.swift; path = CommentsInMentorPostFeed.swift; sourceTree = "<group>"; };
		02C7748A2498071D0037E693 /* CommentsInMenteePostFeed.swift */ = {isa = PBXFileReference; lastKnownFileType = sourcecode.swift; path = CommentsInMenteePostFeed.swift; sourceTree = "<group>"; };
		02C7748C249811400037E693 /* CommentsInMenteeTableViewCell.swift */ = {isa = PBXFileReference; lastKnownFileType = sourcecode.swift; path = CommentsInMenteeTableViewCell.swift; sourceTree = "<group>"; };
		02C7748E2498117C0037E693 /* CommentsInMentorTableViewCell.swift */ = {isa = PBXFileReference; lastKnownFileType = sourcecode.swift; path = CommentsInMentorTableViewCell.swift; sourceTree = "<group>"; };
		02CAF41F24B84499008A7874 /* ShareOnWallViewController.swift */ = {isa = PBXFileReference; lastKnownFileType = sourcecode.swift; path = ShareOnWallViewController.swift; sourceTree = "<group>"; };
		02D2DF5524A1814D00A6A017 /* SF-Pro-Text-SemiboldItalic.otf */ = {isa = PBXFileReference; lastKnownFileType = file; path = "SF-Pro-Text-SemiboldItalic.otf"; sourceTree = "<group>"; };
		02D2DF5624A1814D00A6A017 /* SF-Pro-Text-RegularItalic.otf */ = {isa = PBXFileReference; lastKnownFileType = file; path = "SF-Pro-Text-RegularItalic.otf"; sourceTree = "<group>"; };
		02D2DF5724A1814D00A6A017 /* SF-Pro-Text-MediumItalic.otf */ = {isa = PBXFileReference; lastKnownFileType = file; path = "SF-Pro-Text-MediumItalic.otf"; sourceTree = "<group>"; };
		02D2DF5824A1814D00A6A017 /* SF-Pro-Text-ThinItalic.otf */ = {isa = PBXFileReference; lastKnownFileType = file; path = "SF-Pro-Text-ThinItalic.otf"; sourceTree = "<group>"; };
		02D2DF5924A1814E00A6A017 /* SF-Pro-Text-LightItalic.otf */ = {isa = PBXFileReference; lastKnownFileType = file; path = "SF-Pro-Text-LightItalic.otf"; sourceTree = "<group>"; };
		02D2DF5F24A1A5AC00A6A017 /* EditProfileViewController.swift */ = {isa = PBXFileReference; lastKnownFileType = sourcecode.swift; path = EditProfileViewController.swift; sourceTree = "<group>"; };
		02D2DF6124A1A65500A6A017 /* MyPostsViewController.swift */ = {isa = PBXFileReference; lastKnownFileType = sourcecode.swift; path = MyPostsViewController.swift; sourceTree = "<group>"; };
		02D2DF6324A1A7B400A6A017 /* NotificationsViewController.swift */ = {isa = PBXFileReference; lastKnownFileType = sourcecode.swift; path = NotificationsViewController.swift; sourceTree = "<group>"; };
		02D2DF6524A1A80700A6A017 /* DevelopersViewController.swift */ = {isa = PBXFileReference; lastKnownFileType = sourcecode.swift; path = DevelopersViewController.swift; sourceTree = "<group>"; };
		02D6B9252498E10F0008B503 /* MenteeComments.swift */ = {isa = PBXFileReference; lastKnownFileType = sourcecode.swift; path = MenteeComments.swift; sourceTree = "<group>"; };
		02D6B9272498E13B0008B503 /* MentorComments.swift */ = {isa = PBXFileReference; lastKnownFileType = sourcecode.swift; path = MentorComments.swift; sourceTree = "<group>"; };
		02D6B929249909170008B503 /* AppUser.swift */ = {isa = PBXFileReference; lastKnownFileType = sourcecode.swift; path = AppUser.swift; sourceTree = "<group>"; };
		02DC18D3248224C100CBC10C /* AuthService.swift */ = {isa = PBXFileReference; lastKnownFileType = sourcecode.swift; path = AuthService.swift; sourceTree = "<group>"; };
		02E3A99B2478DC4700A9C18C /* .gitkeep */ = {isa = PBXFileReference; fileEncoding = 4; lastKnownFileType = text; path = .gitkeep; sourceTree = "<group>"; };
		02E3A99D2478DC4700A9C18C /* CBTabItemSelectAnimation.swift */ = {isa = PBXFileReference; fileEncoding = 4; lastKnownFileType = sourcecode.swift; path = CBTabItemSelectAnimation.swift; sourceTree = "<group>"; };
		02E3A99E2478DC4700A9C18C /* CBTabItemBasicAnimation.swift */ = {isa = PBXFileReference; fileEncoding = 4; lastKnownFileType = sourcecode.swift; path = CBTabItemBasicAnimation.swift; sourceTree = "<group>"; };
		02E3A99F2478DC4700A9C18C /* CBTabItemAnimation.swift */ = {isa = PBXFileReference; fileEncoding = 4; lastKnownFileType = sourcecode.swift; path = CBTabItemAnimation.swift; sourceTree = "<group>"; };
		02E3A9A02478DC4700A9C18C /* CBTabItemDeselectAnimation.swift */ = {isa = PBXFileReference; fileEncoding = 4; lastKnownFileType = sourcecode.swift; path = CBTabItemDeselectAnimation.swift; sourceTree = "<group>"; };
		02E3A9A12478DC4700A9C18C /* CBFlashyTabBar.swift */ = {isa = PBXFileReference; fileEncoding = 4; lastKnownFileType = sourcecode.swift; path = CBFlashyTabBar.swift; sourceTree = "<group>"; };
		02E3A9A22478DC4700A9C18C /* CBTabBarButton.swift */ = {isa = PBXFileReference; fileEncoding = 4; lastKnownFileType = sourcecode.swift; path = CBTabBarButton.swift; sourceTree = "<group>"; };
		02E3A9A32478DC4700A9C18C /* CBFlashyTabBarController.swift */ = {isa = PBXFileReference; fileEncoding = 4; lastKnownFileType = sourcecode.swift; path = CBFlashyTabBarController.swift; sourceTree = "<group>"; };
		02E3A9A42478DC4700A9C18C /* CBFlashyTabBarController.h */ = {isa = PBXFileReference; fileEncoding = 4; lastKnownFileType = sourcecode.c.h; path = CBFlashyTabBarController.h; sourceTree = "<group>"; };
		02E3A9A62478DC4700A9C18C /* .gitkeep */ = {isa = PBXFileReference; fileEncoding = 4; lastKnownFileType = text; path = .gitkeep; sourceTree = "<group>"; };
		02E3A9A72478DC4700A9C18C /* Info.plist */ = {isa = PBXFileReference; fileEncoding = 4; lastKnownFileType = text.plist.xml; path = Info.plist; sourceTree = "<group>"; };
		02E90B2A249D89C10094759C /* Api.swift */ = {isa = PBXFileReference; fileEncoding = 4; lastKnownFileType = sourcecode.swift; path = Api.swift; sourceTree = "<group>"; };
		02E90B2B249D89C20094759C /* MenteePostApi.swift */ = {isa = PBXFileReference; fileEncoding = 4; lastKnownFileType = sourcecode.swift; path = MenteePostApi.swift; sourceTree = "<group>"; };
		02E90B2E249D8CE40094759C /* UserApi.swift */ = {isa = PBXFileReference; fileEncoding = 4; lastKnownFileType = sourcecode.swift; path = UserApi.swift; sourceTree = "<group>"; };
		02E90B30249D9EB50094759C /* MenteeCommentApi.swift */ = {isa = PBXFileReference; fileEncoding = 4; lastKnownFileType = sourcecode.swift; path = MenteeCommentApi.swift; sourceTree = "<group>"; };
		02E90B32249DA1F10094759C /* MenteePostCommentApi.swift */ = {isa = PBXFileReference; fileEncoding = 4; lastKnownFileType = sourcecode.swift; path = MenteePostCommentApi.swift; sourceTree = "<group>"; };
		02E90B34249ED96C0094759C /* MentorPostApi.swift */ = {isa = PBXFileReference; lastKnownFileType = sourcecode.swift; path = MentorPostApi.swift; sourceTree = "<group>"; };
		02E90B36249ED9B00094759C /* MentorCommentApi.swift */ = {isa = PBXFileReference; lastKnownFileType = sourcecode.swift; path = MentorCommentApi.swift; sourceTree = "<group>"; };
		02E90B38249ED9D40094759C /* MentorPostCommentApi.swift */ = {isa = PBXFileReference; lastKnownFileType = sourcecode.swift; path = MentorPostCommentApi.swift; sourceTree = "<group>"; };
		02E9B87424BA133C00F5D9E3 /* HelperServiceMentor.swift */ = {isa = PBXFileReference; lastKnownFileType = sourcecode.swift; path = HelperServiceMentor.swift; sourceTree = "<group>"; };
		02E9B87624BA135F00F5D9E3 /* HelperServiceMentee.swift */ = {isa = PBXFileReference; lastKnownFileType = sourcecode.swift; path = HelperServiceMentee.swift; sourceTree = "<group>"; };
		02E9B87824BA138500F5D9E3 /* HelperServicePP.swift */ = {isa = PBXFileReference; lastKnownFileType = sourcecode.swift; path = HelperServicePP.swift; sourceTree = "<group>"; };
		02E9B87A24BA139300F5D9E3 /* HelperServiceJC.swift */ = {isa = PBXFileReference; lastKnownFileType = sourcecode.swift; path = HelperServiceJC.swift; sourceTree = "<group>"; };
		02EB905724C8CAA2008C4FCB /* Main.storyboard */ = {isa = PBXFileReference; fileEncoding = 4; lastKnownFileType = file.storyboard; path = Main.storyboard; sourceTree = "<group>"; };
		02F84B1424BAEB01003EF494 /* MyMentorPostsApi.swift */ = {isa = PBXFileReference; lastKnownFileType = sourcecode.swift; path = MyMentorPostsApi.swift; sourceTree = "<group>"; };
		2A02082E460E2A362F80980C /* Pods_VIT_Share.framework */ = {isa = PBXFileReference; explicitFileType = wrapper.framework; includeInIndex = 0; path = Pods_VIT_Share.framework; sourceTree = BUILT_PRODUCTS_DIR; };
		323C805C0863B707B8739713 /* Pods-VIT Share.release.xcconfig */ = {isa = PBXFileReference; includeInIndex = 1; lastKnownFileType = text.xcconfig; name = "Pods-VIT Share.release.xcconfig"; path = "Target Support Files/Pods-VIT Share/Pods-VIT Share.release.xcconfig"; sourceTree = "<group>"; };
		9671EFD50445B4B08D11AE7C /* Pods-VIT Share.debug.xcconfig */ = {isa = PBXFileReference; includeInIndex = 1; lastKnownFileType = text.xcconfig; name = "Pods-VIT Share.debug.xcconfig"; path = "Target Support Files/Pods-VIT Share/Pods-VIT Share.debug.xcconfig"; sourceTree = "<group>"; };
/* End PBXFileReference section */

/* Begin PBXFrameworksBuildPhase section */
		024C710A2443B145002D9CCE /* Frameworks */ = {
			isa = PBXFrameworksBuildPhase;
			buildActionMask = 2147483647;
			files = (
				4D578D3567D08131C8FFD5B2 /* Pods_VIT_Share.framework in Frameworks */,
			);
			runOnlyForDeploymentPostprocessing = 0;
		};
/* End PBXFrameworksBuildPhase section */

/* Begin PBXGroup section */
		022001A924A7E4A600C60462 /* Personal Project */ = {
			isa = PBXGroup;
			children = (
				025F79D724A569780052C9E1 /* PersonalProjectViewController.swift */,
				025F79DD24A62F320052C9E1 /* FindNewProjectsViewController.swift */,
				022001A424A7D1F700C60462 /* PersProjPostCell.xib */,
				022001A324A7D1F700C60462 /* PersProjPostCell.swift */,
				02BA547024A9609D00F3DFA5 /* CommentsInPersProjFeed.swift */,
				02BA547224A960E600F3DFA5 /* CommentsInPersProjTableViewCell.swift */,
				022001AB24A7EAA100C60462 /* PersonalProjectModel.swift */,
				02BA547424A9616E00F3DFA5 /* PersProjectComments.swift */,
			);
			path = "Personal Project";
			sourceTree = "<group>";
		};
		022001AA24A7E4C300C60462 /* J-Component */ = {
			isa = PBXGroup;
			children = (
				025F79DB24A56A200052C9E1 /* JComponentViewController.swift */,
				025F79DF24A62F830052C9E1 /* FindJComponentViewController.swift */,
				0220019F24A7078300C60462 /* JComponentFeed.swift */,
				02BA546D24A91D6E00F3DFA5 /* JCompProjPostCell.xib */,
				02BA546C24A91D6E00F3DFA5 /* JCompProjPostCell.swift */,
				02BA547824A9B9AF00F3DFA5 /* CommentsInJCompProjFeed.swift */,
				02BA547A24A9BA1100F3DFA5 /* CommentsInJCompProjTableViewCell.swift */,
				02BA546A24A8A9BD00F3DFA5 /* JComponentProjectModel.swift */,
				02BA547624A9B91E00F3DFA5 /* JCompProjectComments.swift */,
				022001A124A707AE00C60462 /* ProjectRequestFeed.swift */,
			);
			path = "J-Component";
			sourceTree = "<group>";
		};
		0221E0FC2477C12D0022DCCB /* SPAlert */ = {
			isa = PBXGroup;
			children = (
				0221E0FD2477C12D0022DCCB /* Models */,
				0221E1012477C12D0022DCCB /* Protocol */,
				0221E1032477C12D0022DCCB /* Views */,
				0221E11D2477C12E0022DCCB /* SPAlert.swift */,
			);
			path = SPAlert;
			sourceTree = "<group>";
		};
		0221E0FD2477C12D0022DCCB /* Models */ = {
			isa = PBXGroup;
			children = (
				0221E0FE2477C12D0022DCCB /* SPAlertPreset.swift */,
				0221E0FF2477C12D0022DCCB /* SPAlertHaptic.swift */,
				0221E1002477C12D0022DCCB /* SPAlertLayout.swift */,
			);
			path = Models;
			sourceTree = "<group>";
		};
		0221E1012477C12D0022DCCB /* Protocol */ = {
			isa = PBXGroup;
			children = (
				0221E1022477C12D0022DCCB /* SPAlertIconAnimatable.swift */,
			);
			path = Protocol;
			sourceTree = "<group>";
		};
		0221E1032477C12D0022DCCB /* Views */ = {
			isa = PBXGroup;
			children = (
				0221E1042477C12D0022DCCB /* SPAlertView.swift */,
				0221E1052477C12D0022DCCB /* Icons */,
			);
			path = Views;
			sourceTree = "<group>";
		};
		0221E1052477C12D0022DCCB /* Icons */ = {
			isa = PBXGroup;
			children = (
				0221E1062477C12D0022DCCB /* SPAlertIconBoltView.swift */,
				0221E1072477C12D0022DCCB /* SPAlertIconEjectView.swift */,
				0221E1082477C12D0022DCCB /* SPAlertIconAddView.swift */,
				0221E1092477C12D0022DCCB /* SPAlertIconHeartView.swift */,
				0221E10A2477C12D0022DCCB /* SPAlertIconShuffleView.swift */,
				0221E10B2477C12E0022DCCB /* SPAlertIconSearchView.swift */,
				0221E10C2477C12E0022DCCB /* SPAlertIconStarView.swift */,
				0221E10D2477C12E0022DCCB /* SPAlertIconCardView.swift */,
				0221E10E2477C12E0022DCCB /* SPAlertIconLikeView.swift */,
				0221E10F2477C12E0022DCCB /* SPAlertIconErrorView.swift */,
				0221E1102477C12E0022DCCB /* SPAlertIconQuestionView.swift */,
				0221E1112477C12E0022DCCB /* SPAlertIconExclamationView.swift */,
				0221E1122477C12E0022DCCB /* SPAlertIconMessageView.swift */,
				0221E1132477C12E0022DCCB /* SPAlertIconDislikeView.swift */,
				0221E1142477C12E0022DCCB /* SPAlertIconBookmarkView.swift */,
				0221E1152477C12E0022DCCB /* SPAlertIconFlagView.swift */,
				0221E1162477C12E0022DCCB /* SPAlertIconRotateView.swift */,
				0221E1172477C12E0022DCCB /* SPAlertIconDocView.swift */,
				0221E1182477C12E0022DCCB /* SPAlertIconPrivacyView.swift */,
				0221E1192477C12E0022DCCB /* SPAlertIconCartView.swift */,
				0221E11A2477C12E0022DCCB /* SPAlertIconDoneView.swift */,
				0221E11B2477C12E0022DCCB /* SPAlertIconRepeatView.swift */,
				0221E11C2477C12E0022DCCB /* SPAlertIconMoonView.swift */,
			);
			path = Icons;
			sourceTree = "<group>";
		};
		024C71042443B145002D9CCE = {
			isa = PBXGroup;
			children = (
				02E3A9992478DC4600A9C18C /* CBFlashyTabBarController */,
				0221E0FC2477C12D0022DCCB /* SPAlert */,
				02F46AC62444F712001668A3 /* Fonts */,
				024C710F2443B145002D9CCE /* Envit */,
				02A4573F251B0511005F3E60 /* Discover */,
				027ADB7E24EE3704003245E1 /* Share on Wall Apis */,
				02CAF41E24B84442008A7874 /* Share on the Wall */,
				027ADB7D24EE3678003245E1 /* J-comp Project Apis */,
				022001AA24A7E4C300C60462 /* J-Component */,
				027ADB7C24EE3664003245E1 /* Pers Project Apis */,
				022001A924A7E4A600C60462 /* Personal Project */,
				02A502C524A46837001E4F25 /* Project Share */,
				02D6B92C24996B460008B503 /* Mentee */,
				027ADB7B24EE365B003245E1 /* Mentee Apis */,
				02D6B92B24996B270008B503 /* Mentor */,
				027ADB7A24EE364A003245E1 /* Mentor Apis */,
				02A502C724A468F9001E4F25 /* Tech Share */,
				02A502C624A46868001E4F25 /* Profile */,
				024C710E2443B145002D9CCE /* Products */,
				7F240E75B7C0609C05F44065 /* Pods */,
				A152D71F50EE75777C88DE5D /* Frameworks */,
			);
			sourceTree = "<group>";
		};
		024C710E2443B145002D9CCE /* Products */ = {
			isa = PBXGroup;
			children = (
				024C710D2443B145002D9CCE /* Envit.app */,
			);
			name = Products;
			sourceTree = "<group>";
		};
		024C710F2443B145002D9CCE /* Envit */ = {
			isa = PBXGroup;
			children = (
				024C71102443B145002D9CCE /* AppDelegate.swift */,
				024C71122443B145002D9CCE /* SceneDelegate.swift */,
				024C711B2443B149002D9CCE /* LaunchScreen.storyboard */,
				02EB905724C8CAA2008C4FCB /* Main.storyboard */,
				024C71192443B149002D9CCE /* Assets.xcassets */,
				020A32FB244434F1006FE3E5 /* LoginViewController.swift */,
				024C71242443B48C002D9CCE /* SignUpViewController.swift */,
				029FB8002475A3E60053D916 /* Extensions.swift */,
				02B0EBF824467C0D004742B1 /* iOSDropDown.swift */,
				02802BBA24857862008BF296 /* TextFieldCounter.swift */,
				024C711E2443B149002D9CCE /* Info.plist */,
				024CA805252630B70031BAD4 /* GoogleService-Info.plist */,
				02DC18D3248224C100CBC10C /* AuthService.swift */,
				02E90B2A249D89C10094759C /* Api.swift */,
				02D6B929249909170008B503 /* AppUser.swift */,
				02E90B2E249D8CE40094759C /* UserApi.swift */,
			);
			path = Envit;
			sourceTree = "<group>";
		};
		027ADB7A24EE364A003245E1 /* Mentor Apis */ = {
			isa = PBXGroup;
			children = (
				02E90B34249ED96C0094759C /* MentorPostApi.swift */,
				02E90B36249ED9B00094759C /* MentorCommentApi.swift */,
				02E90B38249ED9D40094759C /* MentorPostCommentApi.swift */,
				02F84B1424BAEB01003EF494 /* MyMentorPostsApi.swift */,
				02E9B87424BA133C00F5D9E3 /* HelperServiceMentor.swift */,
			);
			path = "Mentor Apis";
			sourceTree = "<group>";
		};
		027ADB7B24EE365B003245E1 /* Mentee Apis */ = {
			isa = PBXGroup;
			children = (
				02E90B2B249D89C20094759C /* MenteePostApi.swift */,
				02E90B30249D9EB50094759C /* MenteeCommentApi.swift */,
				02E90B32249DA1F10094759C /* MenteePostCommentApi.swift */,
				02B27EE424BC87E1002ECFC9 /* MyMenteePostsApi.swift */,
				02E9B87624BA135F00F5D9E3 /* HelperServiceMentee.swift */,
			);
			path = "Mentee Apis";
			sourceTree = "<group>";
		};
		027ADB7C24EE3664003245E1 /* Pers Project Apis */ = {
			isa = PBXGroup;
			children = (
				022001A724A7E32700C60462 /* PersonalProjectPostApi.swift */,
				023CB4F824AAC6CC002FFF74 /* PersProjCommentApi.swift */,
				023CB4FA24AAC753002FFF74 /* PersProjPostCommentApi.swift */,
				02B27EE624BC8859002ECFC9 /* MyPersProjApi.swift */,
				02E9B87824BA138500F5D9E3 /* HelperServicePP.swift */,
			);
			path = "Pers Project Apis";
			sourceTree = "<group>";
		};
		027ADB7D24EE3678003245E1 /* J-comp Project Apis */ = {
			isa = PBXGroup;
			children = (
				02BA546824A8A82200F3DFA5 /* JComponentProjectPostApi.swift */,
				023CB4FC24AAC781002FFF74 /* JCompProjCommentApi.swift */,
				023CB4FE24AAC7B4002FFF74 /* JCompProjPostCommentApi.swift */,
				02B27EE824BC88B6002ECFC9 /* MyJCompProjApi.swift */,
				02E9B87A24BA139300F5D9E3 /* HelperServiceJC.swift */,
			);
			path = "J-comp Project Apis";
			sourceTree = "<group>";
		};
		027ADB7E24EE3704003245E1 /* Share on Wall Apis */ = {
			isa = PBXGroup;
			children = (
				02AB10CF24B98C5F00D1824D /* PostApi.swift */,
				02A4D16924CEC44A007502D7 /* CommentApi.swift */,
				02A4D16B24CEC472007502D7 /* PostCommentApi.swift */,
				02A4D16D24CEC492007502D7 /* MyPostsApi.swift */,
				02A4D16F24CEC553007502D7 /* HelperService.swift */,
			);
			path = "Share on Wall Apis";
			sourceTree = "<group>";
		};
		02A4573F251B0511005F3E60 /* Discover */ = {
			isa = PBXGroup;
			children = (
				02A4573B251B0504005F3E60 /* DiscoverViewController.swift */,
			);
			path = Discover;
			sourceTree = "<group>";
		};
		02A502C524A46837001E4F25 /* Project Share */ = {
			isa = PBXGroup;
			children = (
				024A05502483A41300CC06CB /* ProjectsShareViewController.swift */,
				02A502C824A4744F001E4F25 /* AddProjectViewController.swift */,
			);
			path = "Project Share";
			sourceTree = "<group>";
		};
		02A502C624A46868001E4F25 /* Profile */ = {
			isa = PBXGroup;
			children = (
				020A330324443B07006FE3E5 /* ProfileViewController.swift */,
				02D2DF5F24A1A5AC00A6A017 /* EditProfileViewController.swift */,
				02D2DF6124A1A65500A6A017 /* MyPostsViewController.swift */,
				02D2DF6324A1A7B400A6A017 /* NotificationsViewController.swift */,
				02D2DF6524A1A80700A6A017 /* DevelopersViewController.swift */,
			);
			path = Profile;
			sourceTree = "<group>";
		};
		02A502C724A468F9001E4F25 /* Tech Share */ = {
			isa = PBXGroup;
			children = (
				024A05522483A43C00CC06CB /* TechShareViewController.swift */,
				02802BB824850709008BF296 /* FeedViewController.swift */,
			);
			path = "Tech Share";
			sourceTree = "<group>";
		};
		02CAF41E24B84442008A7874 /* Share on the Wall */ = {
			isa = PBXGroup;
			children = (
				02AB10D124B98DC700D1824D /* Post.swift */,
				02A4D17124CF738B007502D7 /* Comment.swift */,
				02CAF41F24B84499008A7874 /* ShareOnWallViewController.swift */,
			);
			path = "Share on the Wall";
			sourceTree = "<group>";
		};
		02D6B92B24996B270008B503 /* Mentor */ = {
			isa = PBXGroup;
			children = (
				02802BB22484BA4F008BF296 /* MentorViewController.swift */,
				024FC8D62496D447006046B3 /* MentorFeedViewController.swift */,
				02B96D8E248659CF000C7D48 /* MentorPostCell.xib */,
				02B96D8D248659CF000C7D48 /* MentorPostCell.swift */,
				02C774882498068D0037E693 /* CommentsInMentorPostFeed.swift */,
				02C7748E2498117C0037E693 /* CommentsInMentorTableViewCell.swift */,
				0216544F24941D44007F6A73 /* MentorModel.swift */,
				02D6B9272498E13B0008B503 /* MentorComments.swift */,
			);
			path = Mentor;
			sourceTree = "<group>";
		};
		02D6B92C24996B460008B503 /* Mentee */ = {
			isa = PBXGroup;
			children = (
				02802BB42484BAB4008BF296 /* MenteeViewController.swift */,
				024FC8D82496D470006046B3 /* MenteeFeedViewController.swift */,
				02B96D92248665B2000C7D48 /* MenteePostCell.xib */,
				02B96D91248665B2000C7D48 /* MenteePostCell.swift */,
				02C7748A2498071D0037E693 /* CommentsInMenteePostFeed.swift */,
				02C7748C249811400037E693 /* CommentsInMenteeTableViewCell.swift */,
				024FC8D42496BAF2006046B3 /* MenteeModel.swift */,
				02D6B9252498E10F0008B503 /* MenteeComments.swift */,
			);
			path = Mentee;
			sourceTree = "<group>";
		};
		02E3A9992478DC4600A9C18C /* CBFlashyTabBarController */ = {
			isa = PBXGroup;
			children = (
				02E3A99A2478DC4700A9C18C /* Classes */,
				02E3A9A42478DC4700A9C18C /* CBFlashyTabBarController.h */,
				02E3A9A52478DC4700A9C18C /* Assets */,
				02E3A9A72478DC4700A9C18C /* Info.plist */,
			);
			path = CBFlashyTabBarController;
			sourceTree = "<group>";
		};
		02E3A99A2478DC4700A9C18C /* Classes */ = {
			isa = PBXGroup;
			children = (
				02E3A99B2478DC4700A9C18C /* .gitkeep */,
				02E3A99C2478DC4700A9C18C /* Animation */,
				02E3A9A12478DC4700A9C18C /* CBFlashyTabBar.swift */,
				02E3A9A22478DC4700A9C18C /* CBTabBarButton.swift */,
				02E3A9A32478DC4700A9C18C /* CBFlashyTabBarController.swift */,
			);
			path = Classes;
			sourceTree = "<group>";
		};
		02E3A99C2478DC4700A9C18C /* Animation */ = {
			isa = PBXGroup;
			children = (
				02E3A99D2478DC4700A9C18C /* CBTabItemSelectAnimation.swift */,
				02E3A99E2478DC4700A9C18C /* CBTabItemBasicAnimation.swift */,
				02E3A99F2478DC4700A9C18C /* CBTabItemAnimation.swift */,
				02E3A9A02478DC4700A9C18C /* CBTabItemDeselectAnimation.swift */,
			);
			path = Animation;
			sourceTree = "<group>";
		};
		02E3A9A52478DC4700A9C18C /* Assets */ = {
			isa = PBXGroup;
			children = (
				02E3A9A62478DC4700A9C18C /* .gitkeep */,
			);
			path = Assets;
			sourceTree = "<group>";
		};
		02F46AC62444F712001668A3 /* Fonts */ = {
			isa = PBXGroup;
			children = (
				024FC8C524964ED7006046B3 /* SF-Pro-Rounded-Black.otf */,
				024FC8C424964ED7006046B3 /* SF-Pro-Rounded-Bold.otf */,
				024FC8CA24964ED8006046B3 /* SF-Pro-Rounded-Heavy.otf */,
				024FC8C824964ED8006046B3 /* SF-Pro-Rounded-Light.otf */,
				024FC8C924964ED8006046B3 /* SF-Pro-Rounded-Medium.otf */,
				024FC8C224964ED6006046B3 /* SF-Pro-Rounded-Regular.otf */,
				024FC8C324964ED7006046B3 /* SF-Pro-Rounded-Semibold.otf */,
				024FC8C624964ED7006046B3 /* SF-Pro-Rounded-Thin.otf */,
				024FC8C724964ED7006046B3 /* SF-Pro-Rounded-Ultralight.otf */,
				02D2DF5924A1814E00A6A017 /* SF-Pro-Text-LightItalic.otf */,
				02D2DF5724A1814D00A6A017 /* SF-Pro-Text-MediumItalic.otf */,
				02D2DF5624A1814D00A6A017 /* SF-Pro-Text-RegularItalic.otf */,
				02D2DF5524A1814D00A6A017 /* SF-Pro-Text-SemiboldItalic.otf */,
				02D2DF5824A1814D00A6A017 /* SF-Pro-Text-ThinItalic.otf */,
			);
			path = Fonts;
			sourceTree = "<group>";
		};
		7F240E75B7C0609C05F44065 /* Pods */ = {
			isa = PBXGroup;
			children = (
				9671EFD50445B4B08D11AE7C /* Pods-VIT Share.debug.xcconfig */,
				323C805C0863B707B8739713 /* Pods-VIT Share.release.xcconfig */,
			);
			path = Pods;
			sourceTree = "<group>";
		};
		A152D71F50EE75777C88DE5D /* Frameworks */ = {
			isa = PBXGroup;
			children = (
				2A02082E460E2A362F80980C /* Pods_VIT_Share.framework */,
			);
			name = Frameworks;
			sourceTree = "<group>";
		};
/* End PBXGroup section */

/* Begin PBXNativeTarget section */
		024C710C2443B145002D9CCE /* Envit */ = {
			isa = PBXNativeTarget;
			buildConfigurationList = 024C71212443B149002D9CCE /* Build configuration list for PBXNativeTarget "Envit" */;
			buildPhases = (
				32FD0A7D034B6793FFFF1BFE /* [CP] Check Pods Manifest.lock */,
				024C71092443B145002D9CCE /* Sources */,
				024C710A2443B145002D9CCE /* Frameworks */,
				024C710B2443B145002D9CCE /* Resources */,
				3E3A277057D75BCB01F4CAB2 /* [CP] Embed Pods Frameworks */,
			);
			buildRules = (
			);
			dependencies = (
			);
			name = Envit;
			productName = "VIT Share";
			productReference = 024C710D2443B145002D9CCE /* Envit.app */;
			productType = "com.apple.product-type.application";
		};
/* End PBXNativeTarget section */

/* Begin PBXProject section */
		024C71052443B145002D9CCE /* Project object */ = {
			isa = PBXProject;
			attributes = {
				LastSwiftUpdateCheck = 1140;
				LastUpgradeCheck = 1140;
				ORGANIZATIONNAME = "Likhit Garimella";
				TargetAttributes = {
					024C710C2443B145002D9CCE = {
						CreatedOnToolsVersion = 11.4;
						LastSwiftMigration = 1140;
					};
				};
			};
			buildConfigurationList = 024C71082443B145002D9CCE /* Build configuration list for PBXProject "Envit" */;
			compatibilityVersion = "Xcode 9.3";
			developmentRegion = en;
			hasScannedForEncodings = 0;
			knownRegions = (
				en,
				Base,
			);
			mainGroup = 024C71042443B145002D9CCE;
			productRefGroup = 024C710E2443B145002D9CCE /* Products */;
			projectDirPath = "";
			projectRoot = "";
			targets = (
				024C710C2443B145002D9CCE /* Envit */,
			);
		};
/* End PBXProject section */

/* Begin PBXResourcesBuildPhase section */
		024C710B2443B145002D9CCE /* Resources */ = {
			isa = PBXResourcesBuildPhase;
			buildActionMask = 2147483647;
			files = (
				024C711D2443B149002D9CCE /* LaunchScreen.storyboard in Resources */,
				024FC8CD24964ED8006046B3 /* SF-Pro-Rounded-Bold.otf in Resources */,
				024FC8CF24964ED8006046B3 /* SF-Pro-Rounded-Thin.otf in Resources */,
				02D2DF5B24A1814E00A6A017 /* SF-Pro-Text-RegularItalic.otf in Resources */,
				02D2DF5A24A1814E00A6A017 /* SF-Pro-Text-SemiboldItalic.otf in Resources */,
				02EB905824C8CAA3008C4FCB /* Main.storyboard in Resources */,
				024CA806252630B70031BAD4 /* GoogleService-Info.plist in Resources */,
				024FC8D124964ED8006046B3 /* SF-Pro-Rounded-Light.otf in Resources */,
				02D2DF5D24A1814E00A6A017 /* SF-Pro-Text-ThinItalic.otf in Resources */,
				02B96D94248665B2000C7D48 /* MenteePostCell.xib in Resources */,
				024FC8D024964ED8006046B3 /* SF-Pro-Rounded-Ultralight.otf in Resources */,
				022001A624A7D1F700C60462 /* PersProjPostCell.xib in Resources */,
				02B96D90248659CF000C7D48 /* MentorPostCell.xib in Resources */,
				024FC8D224964ED8006046B3 /* SF-Pro-Rounded-Medium.otf in Resources */,
				02BA546F24A91D6E00F3DFA5 /* JCompProjPostCell.xib in Resources */,
				024FC8CB24964ED8006046B3 /* SF-Pro-Rounded-Regular.otf in Resources */,
				024FC8CC24964ED8006046B3 /* SF-Pro-Rounded-Semibold.otf in Resources */,
				024FC8D324964ED8006046B3 /* SF-Pro-Rounded-Heavy.otf in Resources */,
				024FC8CE24964ED8006046B3 /* SF-Pro-Rounded-Black.otf in Resources */,
				02D2DF5C24A1814E00A6A017 /* SF-Pro-Text-MediumItalic.otf in Resources */,
				024C711A2443B149002D9CCE /* Assets.xcassets in Resources */,
				02D2DF5E24A1814E00A6A017 /* SF-Pro-Text-LightItalic.otf in Resources */,
			);
			runOnlyForDeploymentPostprocessing = 0;
		};
/* End PBXResourcesBuildPhase section */

/* Begin PBXShellScriptBuildPhase section */
		32FD0A7D034B6793FFFF1BFE /* [CP] Check Pods Manifest.lock */ = {
			isa = PBXShellScriptBuildPhase;
			buildActionMask = 2147483647;
			files = (
			);
			inputFileListPaths = (
			);
			inputPaths = (
				"${PODS_PODFILE_DIR_PATH}/Podfile.lock",
				"${PODS_ROOT}/Manifest.lock",
			);
			name = "[CP] Check Pods Manifest.lock";
			outputFileListPaths = (
			);
			outputPaths = (
				"$(DERIVED_FILE_DIR)/Pods-VIT Share-checkManifestLockResult.txt",
			);
			runOnlyForDeploymentPostprocessing = 0;
			shellPath = /bin/sh;
			shellScript = "diff \"${PODS_PODFILE_DIR_PATH}/Podfile.lock\" \"${PODS_ROOT}/Manifest.lock\" > /dev/null\nif [ $? != 0 ] ; then\n    # print error to STDERR\n    echo \"error: The sandbox is not in sync with the Podfile.lock. Run 'pod install' or update your CocoaPods installation.\" >&2\n    exit 1\nfi\n# This output is used by Xcode 'outputs' to avoid re-running this script phase.\necho \"SUCCESS\" > \"${SCRIPT_OUTPUT_FILE_0}\"\n";
			showEnvVarsInLog = 0;
		};
		3E3A277057D75BCB01F4CAB2 /* [CP] Embed Pods Frameworks */ = {
			isa = PBXShellScriptBuildPhase;
			buildActionMask = 2147483647;
			files = (
			);
			inputFileListPaths = (
				"${PODS_ROOT}/Target Support Files/Pods-VIT Share/Pods-VIT Share-frameworks-${CONFIGURATION}-input-files.xcfilelist",
			);
			name = "[CP] Embed Pods Frameworks";
			outputFileListPaths = (
				"${PODS_ROOT}/Target Support Files/Pods-VIT Share/Pods-VIT Share-frameworks-${CONFIGURATION}-output-files.xcfilelist",
			);
			runOnlyForDeploymentPostprocessing = 0;
			shellPath = /bin/sh;
			shellScript = "\"${PODS_ROOT}/Target Support Files/Pods-VIT Share/Pods-VIT Share-frameworks.sh\"\n";
			showEnvVarsInLog = 0;
		};
/* End PBXShellScriptBuildPhase section */

/* Begin PBXSourcesBuildPhase section */
		024C71092443B145002D9CCE /* Sources */ = {
			isa = PBXSourcesBuildPhase;
			buildActionMask = 2147483647;
			files = (
				02C7748D249811400037E693 /* CommentsInMenteeTableViewCell.swift in Sources */,
				0221E1292477C12F0022DCCB /* SPAlertIconStarView.swift in Sources */,
				029FB8012475A3E60053D916 /* Extensions.swift in Sources */,
				023CB4F924AAC6CC002FFF74 /* PersProjCommentApi.swift in Sources */,
				02B96D8F248659CF000C7D48 /* MentorPostCell.swift in Sources */,
				02E3A9AD2478DC4A00A9C18C /* CBFlashyTabBar.swift in Sources */,
				02A4D17024CEC553007502D7 /* HelperService.swift in Sources */,
				02E90B35249ED96C0094759C /* MentorPostApi.swift in Sources */,
				0221E1212477C12F0022DCCB /* SPAlertIconAnimatable.swift in Sources */,
				02D6B9282498E13B0008B503 /* MentorComments.swift in Sources */,
				0221E13A2477C12F0022DCCB /* SPAlert.swift in Sources */,
				0221E1272477C12F0022DCCB /* SPAlertIconShuffleView.swift in Sources */,
				02F84B1524BAEB02003EF494 /* MyMentorPostsApi.swift in Sources */,
				023CB4FD24AAC781002FFF74 /* JCompProjCommentApi.swift in Sources */,
				02802BB32484BA4F008BF296 /* MentorViewController.swift in Sources */,
				02E3A9AF2478DC4A00A9C18C /* CBFlashyTabBarController.swift in Sources */,
				02B0EBF924467C0D004742B1 /* iOSDropDown.swift in Sources */,
				02E90B37249ED9B10094759C /* MentorCommentApi.swift in Sources */,
				02AB10D024B98C5F00D1824D /* PostApi.swift in Sources */,
				0221E12F2477C12F0022DCCB /* SPAlertIconMessageView.swift in Sources */,
				02AB10D224B98DC700D1824D /* Post.swift in Sources */,
				0221E1312477C12F0022DCCB /* SPAlertIconBookmarkView.swift in Sources */,
				02E3A9AE2478DC4A00A9C18C /* CBTabBarButton.swift in Sources */,
				02C774892498068D0037E693 /* CommentsInMentorPostFeed.swift in Sources */,
				0221E1262477C12F0022DCCB /* SPAlertIconHeartView.swift in Sources */,
				0221E1362477C12F0022DCCB /* SPAlertIconCartView.swift in Sources */,
				02802BB52484BAB4008BF296 /* MenteeViewController.swift in Sources */,
				025F79D824A569780052C9E1 /* PersonalProjectViewController.swift in Sources */,
				02B27EE524BC87E1002ECFC9 /* MyMenteePostsApi.swift in Sources */,
				02CAF42024B84499008A7874 /* ShareOnWallViewController.swift in Sources */,
				02E90B2D249D89C30094759C /* MenteePostApi.swift in Sources */,
				02C7748F2498117C0037E693 /* CommentsInMentorTableViewCell.swift in Sources */,
				02802BBB24857863008BF296 /* TextFieldCounter.swift in Sources */,
				02C7748B2498071D0037E693 /* CommentsInMenteePostFeed.swift in Sources */,
				020A32FC244434F1006FE3E5 /* LoginViewController.swift in Sources */,
				02D2DF6024A1A5AC00A6A017 /* EditProfileViewController.swift in Sources */,
				02BA547B24A9BA1100F3DFA5 /* CommentsInJCompProjTableViewCell.swift in Sources */,
				0221E1252477C12F0022DCCB /* SPAlertIconAddView.swift in Sources */,
				024C71252443B48C002D9CCE /* SignUpViewController.swift in Sources */,
				02A4573C251B0504005F3E60 /* DiscoverViewController.swift in Sources */,
				02E9B87B24BA139300F5D9E3 /* HelperServiceJC.swift in Sources */,
				024A05512483A41300CC06CB /* ProjectsShareViewController.swift in Sources */,
				0221E12D2477C12F0022DCCB /* SPAlertIconQuestionView.swift in Sources */,
				02A502C924A4744F001E4F25 /* AddProjectViewController.swift in Sources */,
				02A4D16C24CEC472007502D7 /* PostCommentApi.swift in Sources */,
				0221E1202477C12F0022DCCB /* SPAlertLayout.swift in Sources */,
				0221E1342477C12F0022DCCB /* SPAlertIconDocView.swift in Sources */,
				022001AC24A7EAA100C60462 /* PersonalProjectModel.swift in Sources */,
				0221E11F2477C12F0022DCCB /* SPAlertHaptic.swift in Sources */,
				02BA547324A960E600F3DFA5 /* CommentsInPersProjTableViewCell.swift in Sources */,
				02BA547124A9609D00F3DFA5 /* CommentsInPersProjFeed.swift in Sources */,
				0221E1242477C12F0022DCCB /* SPAlertIconEjectView.swift in Sources */,
				02B27EE724BC8859002ECFC9 /* MyPersProjApi.swift in Sources */,
				0221E11E2477C12F0022DCCB /* SPAlertPreset.swift in Sources */,
				02D2DF6624A1A80700A6A017 /* DevelopersViewController.swift in Sources */,
				0221E1332477C12F0022DCCB /* SPAlertIconRotateView.swift in Sources */,
				02DC18D4248224C100CBC10C /* AuthService.swift in Sources */,
				02E9B87524BA133C00F5D9E3 /* HelperServiceMentor.swift in Sources */,
				022001A524A7D1F700C60462 /* PersProjPostCell.swift in Sources */,
				02E3A9AB2478DC4A00A9C18C /* CBTabItemAnimation.swift in Sources */,
				02BA547524A9616E00F3DFA5 /* PersProjectComments.swift in Sources */,
				02BA546E24A91D6E00F3DFA5 /* JCompProjPostCell.swift in Sources */,
				02A4D16E24CEC492007502D7 /* MyPostsApi.swift in Sources */,
				0221E12E2477C12F0022DCCB /* SPAlertIconExclamationView.swift in Sources */,
				0221E12A2477C12F0022DCCB /* SPAlertIconCardView.swift in Sources */,
				024FC8D72496D447006046B3 /* MentorFeedViewController.swift in Sources */,
				02E90B31249D9EB50094759C /* MenteeCommentApi.swift in Sources */,
				0221E1352477C12F0022DCCB /* SPAlertIconPrivacyView.swift in Sources */,
				023CB4FB24AAC753002FFF74 /* PersProjPostCommentApi.swift in Sources */,
				02802BB924850709008BF296 /* FeedViewController.swift in Sources */,
				022001A224A707AE00C60462 /* ProjectRequestFeed.swift in Sources */,
				0221E1372477C12F0022DCCB /* SPAlertIconDoneView.swift in Sources */,
				02E3A9A92478DC4A00A9C18C /* CBTabItemSelectAnimation.swift in Sources */,
				0221E12C2477C12F0022DCCB /* SPAlertIconErrorView.swift in Sources */,
				02A4D17224CF738B007502D7 /* Comment.swift in Sources */,
				0221E1322477C12F0022DCCB /* SPAlertIconFlagView.swift in Sources */,
				02BA546924A8A82200F3DFA5 /* JComponentProjectPostApi.swift in Sources */,
				024FC8D92496D470006046B3 /* MenteeFeedViewController.swift in Sources */,
				02E9B87924BA138500F5D9E3 /* HelperServicePP.swift in Sources */,
				02E90B2F249D8CE50094759C /* UserApi.swift in Sources */,
				02E90B39249ED9D50094759C /* MentorPostCommentApi.swift in Sources */,
				02E3A9AC2478DC4A00A9C18C /* CBTabItemDeselectAnimation.swift in Sources */,
				025F79E024A62F830052C9E1 /* FindJComponentViewController.swift in Sources */,
				024FC8D52496BAF3006046B3 /* MenteeModel.swift in Sources */,
				022001A824A7E32700C60462 /* PersonalProjectPostApi.swift in Sources */,
				0221E1392477C12F0022DCCB /* SPAlertIconMoonView.swift in Sources */,
				024A05532483A43C00CC06CB /* TechShareViewController.swift in Sources */,
				02D2DF6424A1A7B400A6A017 /* NotificationsViewController.swift in Sources */,
				02D6B9262498E10F0008B503 /* MenteeComments.swift in Sources */,
				02E90B2C249D89C30094759C /* Api.swift in Sources */,
				0221E12B2477C12F0022DCCB /* SPAlertIconLikeView.swift in Sources */,
				024C71112443B145002D9CCE /* AppDelegate.swift in Sources */,
				02B27EE924BC88B6002ECFC9 /* MyJCompProjApi.swift in Sources */,
				0221E1282477C12F0022DCCB /* SPAlertIconSearchView.swift in Sources */,
				02BA547724A9B91E00F3DFA5 /* JCompProjectComments.swift in Sources */,
				02E9B87724BA135F00F5D9E3 /* HelperServiceMentee.swift in Sources */,
				02D2DF6224A1A65500A6A017 /* MyPostsViewController.swift in Sources */,
				0221E1232477C12F0022DCCB /* SPAlertIconBoltView.swift in Sources */,
				02D6B92A249909170008B503 /* AppUser.swift in Sources */,
				02BA547924A9B9AF00F3DFA5 /* CommentsInJCompProjFeed.swift in Sources */,
				02BA546B24A8A9BD00F3DFA5 /* JComponentProjectModel.swift in Sources */,
				0221E1302477C12F0022DCCB /* SPAlertIconDislikeView.swift in Sources */,
				023CB4FF24AAC7B4002FFF74 /* JCompProjPostCommentApi.swift in Sources */,
				0221E1222477C12F0022DCCB /* SPAlertView.swift in Sources */,
				02E90B33249DA1F20094759C /* MenteePostCommentApi.swift in Sources */,
				0221E1382477C12F0022DCCB /* SPAlertIconRepeatView.swift in Sources */,
				025F79DC24A56A200052C9E1 /* JComponentViewController.swift in Sources */,
				02B96D93248665B2000C7D48 /* MenteePostCell.swift in Sources */,
				02A4D16A24CEC44A007502D7 /* CommentApi.swift in Sources */,
				024C71132443B145002D9CCE /* SceneDelegate.swift in Sources */,
				020A330424443B07006FE3E5 /* ProfileViewController.swift in Sources */,
				025F79DE24A62F320052C9E1 /* FindNewProjectsViewController.swift in Sources */,
				022001A024A7078300C60462 /* JComponentFeed.swift in Sources */,
				0216545024941D44007F6A73 /* MentorModel.swift in Sources */,
				02E3A9AA2478DC4A00A9C18C /* CBTabItemBasicAnimation.swift in Sources */,
			);
			runOnlyForDeploymentPostprocessing = 0;
		};
/* End PBXSourcesBuildPhase section */

/* Begin PBXVariantGroup section */
		024C711B2443B149002D9CCE /* LaunchScreen.storyboard */ = {
			isa = PBXVariantGroup;
			children = (
				024C711C2443B149002D9CCE /* Base */,
			);
			name = LaunchScreen.storyboard;
			sourceTree = "<group>";
		};
/* End PBXVariantGroup section */

/* Begin XCBuildConfiguration section */
		024C711F2443B149002D9CCE /* Debug */ = {
			isa = XCBuildConfiguration;
			buildSettings = {
				ALWAYS_SEARCH_USER_PATHS = NO;
				CLANG_ANALYZER_NONNULL = YES;
				CLANG_ANALYZER_NUMBER_OBJECT_CONVERSION = YES_AGGRESSIVE;
				CLANG_CXX_LANGUAGE_STANDARD = "gnu++14";
				CLANG_CXX_LIBRARY = "libc++";
				CLANG_ENABLE_MODULES = YES;
				CLANG_ENABLE_OBJC_ARC = YES;
				CLANG_ENABLE_OBJC_WEAK = YES;
				CLANG_WARN_BLOCK_CAPTURE_AUTORELEASING = YES;
				CLANG_WARN_BOOL_CONVERSION = YES;
				CLANG_WARN_COMMA = YES;
				CLANG_WARN_CONSTANT_CONVERSION = YES;
				CLANG_WARN_DEPRECATED_OBJC_IMPLEMENTATIONS = YES;
				CLANG_WARN_DIRECT_OBJC_ISA_USAGE = YES_ERROR;
				CLANG_WARN_DOCUMENTATION_COMMENTS = YES;
				CLANG_WARN_EMPTY_BODY = YES;
				CLANG_WARN_ENUM_CONVERSION = YES;
				CLANG_WARN_INFINITE_RECURSION = YES;
				CLANG_WARN_INT_CONVERSION = YES;
				CLANG_WARN_NON_LITERAL_NULL_CONVERSION = YES;
				CLANG_WARN_OBJC_IMPLICIT_RETAIN_SELF = YES;
				CLANG_WARN_OBJC_LITERAL_CONVERSION = YES;
				CLANG_WARN_OBJC_ROOT_CLASS = YES_ERROR;
				CLANG_WARN_RANGE_LOOP_ANALYSIS = YES;
				CLANG_WARN_STRICT_PROTOTYPES = YES;
				CLANG_WARN_SUSPICIOUS_MOVE = YES;
				CLANG_WARN_UNGUARDED_AVAILABILITY = YES_AGGRESSIVE;
				CLANG_WARN_UNREACHABLE_CODE = YES;
				CLANG_WARN__DUPLICATE_METHOD_MATCH = YES;
				COPY_PHASE_STRIP = NO;
				DEBUG_INFORMATION_FORMAT = dwarf;
				ENABLE_STRICT_OBJC_MSGSEND = YES;
				ENABLE_TESTABILITY = YES;
				GCC_C_LANGUAGE_STANDARD = gnu11;
				GCC_DYNAMIC_NO_PIC = NO;
				GCC_NO_COMMON_BLOCKS = YES;
				GCC_OPTIMIZATION_LEVEL = 0;
				GCC_PREPROCESSOR_DEFINITIONS = (
					"DEBUG=1",
					"$(inherited)",
				);
				GCC_WARN_64_TO_32_BIT_CONVERSION = YES;
				GCC_WARN_ABOUT_RETURN_TYPE = YES_ERROR;
				GCC_WARN_UNDECLARED_SELECTOR = YES;
				GCC_WARN_UNINITIALIZED_AUTOS = YES_AGGRESSIVE;
				GCC_WARN_UNUSED_FUNCTION = YES;
				GCC_WARN_UNUSED_VARIABLE = YES;
				IPHONEOS_DEPLOYMENT_TARGET = 11.0;
				MTL_ENABLE_DEBUG_INFO = INCLUDE_SOURCE;
				MTL_FAST_MATH = YES;
				ONLY_ACTIVE_ARCH = YES;
				SDKROOT = iphoneos;
				SWIFT_ACTIVE_COMPILATION_CONDITIONS = DEBUG;
				SWIFT_OPTIMIZATION_LEVEL = "-Onone";
			};
			name = Debug;
		};
		024C71202443B149002D9CCE /* Release */ = {
			isa = XCBuildConfiguration;
			buildSettings = {
				ALWAYS_SEARCH_USER_PATHS = NO;
				CLANG_ANALYZER_NONNULL = YES;
				CLANG_ANALYZER_NUMBER_OBJECT_CONVERSION = YES_AGGRESSIVE;
				CLANG_CXX_LANGUAGE_STANDARD = "gnu++14";
				CLANG_CXX_LIBRARY = "libc++";
				CLANG_ENABLE_MODULES = YES;
				CLANG_ENABLE_OBJC_ARC = YES;
				CLANG_ENABLE_OBJC_WEAK = YES;
				CLANG_WARN_BLOCK_CAPTURE_AUTORELEASING = YES;
				CLANG_WARN_BOOL_CONVERSION = YES;
				CLANG_WARN_COMMA = YES;
				CLANG_WARN_CONSTANT_CONVERSION = YES;
				CLANG_WARN_DEPRECATED_OBJC_IMPLEMENTATIONS = YES;
				CLANG_WARN_DIRECT_OBJC_ISA_USAGE = YES_ERROR;
				CLANG_WARN_DOCUMENTATION_COMMENTS = YES;
				CLANG_WARN_EMPTY_BODY = YES;
				CLANG_WARN_ENUM_CONVERSION = YES;
				CLANG_WARN_INFINITE_RECURSION = YES;
				CLANG_WARN_INT_CONVERSION = YES;
				CLANG_WARN_NON_LITERAL_NULL_CONVERSION = YES;
				CLANG_WARN_OBJC_IMPLICIT_RETAIN_SELF = YES;
				CLANG_WARN_OBJC_LITERAL_CONVERSION = YES;
				CLANG_WARN_OBJC_ROOT_CLASS = YES_ERROR;
				CLANG_WARN_RANGE_LOOP_ANALYSIS = YES;
				CLANG_WARN_STRICT_PROTOTYPES = YES;
				CLANG_WARN_SUSPICIOUS_MOVE = YES;
				CLANG_WARN_UNGUARDED_AVAILABILITY = YES_AGGRESSIVE;
				CLANG_WARN_UNREACHABLE_CODE = YES;
				CLANG_WARN__DUPLICATE_METHOD_MATCH = YES;
				COPY_PHASE_STRIP = NO;
				DEBUG_INFORMATION_FORMAT = "dwarf-with-dsym";
				ENABLE_NS_ASSERTIONS = NO;
				ENABLE_STRICT_OBJC_MSGSEND = YES;
				GCC_C_LANGUAGE_STANDARD = gnu11;
				GCC_NO_COMMON_BLOCKS = YES;
				GCC_WARN_64_TO_32_BIT_CONVERSION = YES;
				GCC_WARN_ABOUT_RETURN_TYPE = YES_ERROR;
				GCC_WARN_UNDECLARED_SELECTOR = YES;
				GCC_WARN_UNINITIALIZED_AUTOS = YES_AGGRESSIVE;
				GCC_WARN_UNUSED_FUNCTION = YES;
				GCC_WARN_UNUSED_VARIABLE = YES;
				IPHONEOS_DEPLOYMENT_TARGET = 11.0;
				MTL_ENABLE_DEBUG_INFO = NO;
				MTL_FAST_MATH = YES;
				SDKROOT = iphoneos;
				SWIFT_COMPILATION_MODE = wholemodule;
				SWIFT_OPTIMIZATION_LEVEL = "-O";
				VALIDATE_PRODUCT = YES;
			};
			name = Release;
		};
		024C71222443B149002D9CCE /* Debug */ = {
			isa = XCBuildConfiguration;
			baseConfigurationReference = 9671EFD50445B4B08D11AE7C /* Pods-VIT Share.debug.xcconfig */;
			buildSettings = {
				ASSETCATALOG_COMPILER_APPICON_NAME = AppIcon;
				CLANG_ENABLE_MODULES = YES;
				CODE_SIGN_STYLE = Automatic;
				CURRENT_PROJECT_VERSION = 1;
				DEVELOPMENT_TEAM = 77BWS8985H;
				INFOPLIST_FILE = "$(SRCROOT)/Envit/Info.plist";
				IPHONEOS_DEPLOYMENT_TARGET = 11.0;
				LD_RUNPATH_SEARCH_PATHS = (
					"$(inherited)",
					"@executable_path/Frameworks",
				);
				MARKETING_VERSION = 1.0.0.1;
				PRODUCT_BUNDLE_IDENTIFIER = com.likhitgarimella.Envit;
				PRODUCT_NAME = "$(TARGET_NAME)";
				SWIFT_OPTIMIZATION_LEVEL = "-Onone";
				SWIFT_VERSION = 5.0;
				TARGETED_DEVICE_FAMILY = 1;
			};
			name = Debug;
		};
		024C71232443B149002D9CCE /* Release */ = {
			isa = XCBuildConfiguration;
			baseConfigurationReference = 323C805C0863B707B8739713 /* Pods-VIT Share.release.xcconfig */;
			buildSettings = {
				ASSETCATALOG_COMPILER_APPICON_NAME = AppIcon;
				CLANG_ENABLE_MODULES = YES;
				CODE_SIGN_STYLE = Automatic;
				CURRENT_PROJECT_VERSION = 1;
				DEVELOPMENT_TEAM = 77BWS8985H;
				INFOPLIST_FILE = "$(SRCROOT)/Envit/Info.plist";
				IPHONEOS_DEPLOYMENT_TARGET = 11.0;
				LD_RUNPATH_SEARCH_PATHS = (
					"$(inherited)",
					"@executable_path/Frameworks",
				);
				MARKETING_VERSION = 1.0.0.1;
				PRODUCT_BUNDLE_IDENTIFIER = com.likhitgarimella.Envit;
				PRODUCT_NAME = "$(TARGET_NAME)";
				SWIFT_VERSION = 5.0;
				TARGETED_DEVICE_FAMILY = 1;
			};
			name = Release;
		};
/* End XCBuildConfiguration section */

/* Begin XCConfigurationList section */
		024C71082443B145002D9CCE /* Build configuration list for PBXProject "Envit" */ = {
			isa = XCConfigurationList;
			buildConfigurations = (
				024C711F2443B149002D9CCE /* Debug */,
				024C71202443B149002D9CCE /* Release */,
			);
			defaultConfigurationIsVisible = 0;
			defaultConfigurationName = Release;
		};
		024C71212443B149002D9CCE /* Build configuration list for PBXNativeTarget "Envit" */ = {
			isa = XCConfigurationList;
			buildConfigurations = (
				024C71222443B149002D9CCE /* Debug */,
				024C71232443B149002D9CCE /* Release */,
			);
			defaultConfigurationIsVisible = 0;
			defaultConfigurationName = Release;
		};
/* End XCConfigurationList section */
	};
	rootObject = 024C71052443B145002D9CCE /* Project object */;
}
